// !$*UTF8*$!
{
	archiveVersion = 1;
	classes = {
	};
	objectVersion = 51;
	objects = {

/* Begin PBXBuildFile section */
		340F1A7A25420773000A381D /* AppDelegate.swift in Sources */ = {isa = PBXBuildFile; fileRef = 340F1A7925420773000A381D /* AppDelegate.swift */; };
		340F1A7C25420773000A381D /* SceneDelegate.swift in Sources */ = {isa = PBXBuildFile; fileRef = 340F1A7B25420773000A381D /* SceneDelegate.swift */; };
		340F1A8625420775000A381D /* LaunchScreen.storyboard in Resources */ = {isa = PBXBuildFile; fileRef = 340F1A8425420775000A381D /* LaunchScreen.storyboard */; };
		340F1A91254208F0000A381D /* EntranceInteractor.swift in Sources */ = {isa = PBXBuildFile; fileRef = 340F1A90254208F0000A381D /* EntranceInteractor.swift */; };
		340F1A9525420924000A381D /* EntrancePresenter.swift in Sources */ = {isa = PBXBuildFile; fileRef = 340F1A9425420924000A381D /* EntrancePresenter.swift */; };
		340F1A9825420961000A381D /* EntranceRouter.swift in Sources */ = {isa = PBXBuildFile; fileRef = 340F1A9725420961000A381D /* EntranceRouter.swift */; };
		340F1A9C254209BE000A381D /* EntranceViewController.swift in Sources */ = {isa = PBXBuildFile; fileRef = 340F1A9B254209BE000A381D /* EntranceViewController.swift */; };
		340F1A9F25420AB4000A381D /* EntranceModuleBuilder.swift in Sources */ = {isa = PBXBuildFile; fileRef = 340F1A9E25420AB4000A381D /* EntranceModuleBuilder.swift */; };
		340F1AA325420D91000A381D /* BaseViewController.swift in Sources */ = {isa = PBXBuildFile; fileRef = 340F1AA225420D91000A381D /* BaseViewController.swift */; };
		341184F4254385C0006D1361 /* Brandbook.swift in Sources */ = {isa = PBXBuildFile; fileRef = 341184F3254385C0006D1361 /* Brandbook.swift */; };
		341184F82543891C006D1361 /* UIColor+hex.swift in Sources */ = {isa = PBXBuildFile; fileRef = 341184F72543891C006D1361 /* UIColor+hex.swift */; };
		3411850225438C1C006D1361 /* BaseTextField.swift in Sources */ = {isa = PBXBuildFile; fileRef = 3411850125438C1C006D1361 /* BaseTextField.swift */; };
		341A00A625448418006F0523 /* AuthValidator.swift in Sources */ = {isa = PBXBuildFile; fileRef = 341A00A525448418006F0523 /* AuthValidator.swift */; };
		342896ED26407C3D008330EB /* Strings.swift in Sources */ = {isa = PBXBuildFile; fileRef = 342896EC26407C3D008330EB /* Strings.swift */; };
		3438507B2544C1DA0048B43B /* AuthError.swift in Sources */ = {isa = PBXBuildFile; fileRef = 3438507A2544C1DA0048B43B /* AuthError.swift */; };
		3442CA0B254392130079B5AB /* BaseNavigationViewController.swift in Sources */ = {isa = PBXBuildFile; fileRef = 3442CA0A254392130079B5AB /* BaseNavigationViewController.swift */; };
		3442CA0F254394B40079B5AB /* FormStackView.swift in Sources */ = {isa = PBXBuildFile; fileRef = 3442CA0E254394B40079B5AB /* FormStackView.swift */; };
		3442CA14254398DB0079B5AB /* BaseButton.swift in Sources */ = {isa = PBXBuildFile; fileRef = 3442CA13254398DB0079B5AB /* BaseButton.swift */; };
		344B8E7625447F4600B1A671 /* RegistrationInteractor.swift in Sources */ = {isa = PBXBuildFile; fileRef = 344B8E7525447F4600B1A671 /* RegistrationInteractor.swift */; };
		344B8E7B25447FEF00B1A671 /* RegistrationPresenter.swift in Sources */ = {isa = PBXBuildFile; fileRef = 344B8E7A25447FEF00B1A671 /* RegistrationPresenter.swift */; };
		344B8E7E2544803C00B1A671 /* RegistrationRouter.swift in Sources */ = {isa = PBXBuildFile; fileRef = 344B8E7D2544803C00B1A671 /* RegistrationRouter.swift */; };
		344B8E812544806E00B1A671 /* RegistrationViewController.swift in Sources */ = {isa = PBXBuildFile; fileRef = 344B8E802544806E00B1A671 /* RegistrationViewController.swift */; };
		344B8E84254480CD00B1A671 /* RegistrationModuleBuilder.swift in Sources */ = {isa = PBXBuildFile; fileRef = 344B8E83254480CD00B1A671 /* RegistrationModuleBuilder.swift */; };
		344EC535257ED0A2001AADF6 /* BasketViewController.swift in Sources */ = {isa = PBXBuildFile; fileRef = 344EC52F257ED0A1001AADF6 /* BasketViewController.swift */; };
		344EC536257ED0A2001AADF6 /* BasketModuleBuilder.swift in Sources */ = {isa = PBXBuildFile; fileRef = 344EC530257ED0A1001AADF6 /* BasketModuleBuilder.swift */; };
		344EC538257ED0A2001AADF6 /* BasketRouter.swift in Sources */ = {isa = PBXBuildFile; fileRef = 344EC532257ED0A1001AADF6 /* BasketRouter.swift */; };
		344EC53A257ED0A2001AADF6 /* BasketPresenter.swift in Sources */ = {isa = PBXBuildFile; fileRef = 344EC534257ED0A2001AADF6 /* BasketPresenter.swift */; };
		344EC53D257ED0AC001AADF6 /* OrderStateCell.swift in Sources */ = {isa = PBXBuildFile; fileRef = 344EC53C257ED0AC001AADF6 /* OrderStateCell.swift */; };
		344EC544257ED156001AADF6 /* UIView+addShadow.swift in Sources */ = {isa = PBXBuildFile; fileRef = 344EC543257ED156001AADF6 /* UIView+addShadow.swift */; };
		344EC548257ED86B001AADF6 /* OrderStatus.swift in Sources */ = {isa = PBXBuildFile; fileRef = 344EC547257ED86B001AADF6 /* OrderStatus.swift */; };
		344EC54D257EE442001AADF6 /* BasketInteractor.swift in Sources */ = {isa = PBXBuildFile; fileRef = 344EC54C257EE442001AADF6 /* BasketInteractor.swift */; };
		344EC552257EE467001AADF6 /* OrderInteractor.swift in Sources */ = {isa = PBXBuildFile; fileRef = 344EC551257EE467001AADF6 /* OrderInteractor.swift */; };
		344EC556257EE4A3001AADF6 /* OrderModuleBuilder.swift in Sources */ = {isa = PBXBuildFile; fileRef = 344EC555257EE4A3001AADF6 /* OrderModuleBuilder.swift */; };
		344EC55A257EE4B1001AADF6 /* OrderPresenter.swift in Sources */ = {isa = PBXBuildFile; fileRef = 344EC559257EE4B1001AADF6 /* OrderPresenter.swift */; };
		344EC55E257EE4BD001AADF6 /* OrderRouter.swift in Sources */ = {isa = PBXBuildFile; fileRef = 344EC55D257EE4BD001AADF6 /* OrderRouter.swift */; };
		344EC562257EE4CC001AADF6 /* OrderViewController.swift in Sources */ = {isa = PBXBuildFile; fileRef = 344EC561257EE4CC001AADF6 /* OrderViewController.swift */; };
		3451925825A271B400B075F2 /* Reachability.swift in Sources */ = {isa = PBXBuildFile; fileRef = 3451925725A271B400B075F2 /* Reachability.swift */; };
		3451925E25A27FAD00B075F2 /* NetworkingError.swift in Sources */ = {isa = PBXBuildFile; fileRef = 3451925D25A27FAD00B075F2 /* NetworkingError.swift */; };
		3451926325A2874800B075F2 /* BaseTableViewController.swift in Sources */ = {isa = PBXBuildFile; fileRef = 3451926225A2874800B075F2 /* BaseTableViewController.swift */; };
		345522D62544B02800495E5F /* GoogleService-Info.plist in Resources */ = {isa = PBXBuildFile; fileRef = 345522D52544B02800495E5F /* GoogleService-Info.plist */; };
		34585921256F08E300E47E7E /* MapManager.swift in Sources */ = {isa = PBXBuildFile; fileRef = 34585920256F08E300E47E7E /* MapManager.swift */; };
		34585927256F0B9E00E47E7E /* BaseMapView.swift in Sources */ = {isa = PBXBuildFile; fileRef = 34585926256F0B9E00E47E7E /* BaseMapView.swift */; };
		3458592A256F149B00E47E7E /* MapViewController.swift in Sources */ = {isa = PBXBuildFile; fileRef = 34585929256F149B00E47E7E /* MapViewController.swift */; };
		345CB41625AB3EC2001FC9F5 /* OrderIsProcessedViewController.swift in Sources */ = {isa = PBXBuildFile; fileRef = 345CB41525AB3EC2001FC9F5 /* OrderIsProcessedViewController.swift */; };
		345CB41B25AB635D001FC9F5 /* OrdersViewController.swift in Sources */ = {isa = PBXBuildFile; fileRef = 345CB41A25AB635D001FC9F5 /* OrdersViewController.swift */; };
		345CB41F25AB636F001FC9F5 /* OrdersInteractor.swift in Sources */ = {isa = PBXBuildFile; fileRef = 345CB41E25AB636F001FC9F5 /* OrdersInteractor.swift */; };
		345CB42225AB6377001FC9F5 /* OrdersPresenter.swift in Sources */ = {isa = PBXBuildFile; fileRef = 345CB42125AB6377001FC9F5 /* OrdersPresenter.swift */; };
		345CB42525AB6382001FC9F5 /* OrdersRouter.swift in Sources */ = {isa = PBXBuildFile; fileRef = 345CB42425AB6382001FC9F5 /* OrdersRouter.swift */; };
		345CB42825AB6393001FC9F5 /* OrdersModuleBuilder.swift in Sources */ = {isa = PBXBuildFile; fileRef = 345CB42725AB6393001FC9F5 /* OrdersModuleBuilder.swift */; };
		34668E8025AB65E600D3627A /* OrderTableViewCell.swift in Sources */ = {isa = PBXBuildFile; fileRef = 34668E7F25AB65E600D3627A /* OrderTableViewCell.swift */; };
		34668E8525AB69B300D3627A /* OrderInfo.swift in Sources */ = {isa = PBXBuildFile; fileRef = 34668E8425AB69B300D3627A /* OrderInfo.swift */; };
		346F7E362649667000AC9A30 /* AppDelegate.swift in Sources */ = {isa = PBXBuildFile; fileRef = 346F7E352649667000AC9A30 /* AppDelegate.swift */; };
		346F7E382649667000AC9A30 /* SceneDelegate.swift in Sources */ = {isa = PBXBuildFile; fileRef = 346F7E372649667000AC9A30 /* SceneDelegate.swift */; };
		346F7E3F2649667200AC9A30 /* Assets.xcassets in Resources */ = {isa = PBXBuildFile; fileRef = 346F7E3E2649667200AC9A30 /* Assets.xcassets */; };
		346F7E422649667200AC9A30 /* LaunchScreen.storyboard in Resources */ = {isa = PBXBuildFile; fileRef = 346F7E402649667200AC9A30 /* LaunchScreen.storyboard */; };
		346F7E4F264966EC00AC9A30 /* Brandbook.swift in Sources */ = {isa = PBXBuildFile; fileRef = 341184F3254385C0006D1361 /* Brandbook.swift */; };
		346F7E552649676200AC9A30 /* UIColor+hex.swift in Sources */ = {isa = PBXBuildFile; fileRef = 341184F72543891C006D1361 /* UIColor+hex.swift */; };
		346F7E62264968AD00AC9A30 /* GoogleService-Info.plist in Resources */ = {isa = PBXBuildFile; fileRef = 345522D52544B02800495E5F /* GoogleService-Info.plist */; };
		346F7E9326496EDB00AC9A30 /* RestaurantsListModuleBuilder.swift in Sources */ = {isa = PBXBuildFile; fileRef = 346F7E9226496EDB00AC9A30 /* RestaurantsListModuleBuilder.swift */; };
		346F7E9A26496F4600AC9A30 /* RestaurantsListViewController.swift in Sources */ = {isa = PBXBuildFile; fileRef = 346F7E9926496F4600AC9A30 /* RestaurantsListViewController.swift */; };
		346F7E9E26496F5700AC9A30 /* RestaurantsListPresenter.swift in Sources */ = {isa = PBXBuildFile; fileRef = 346F7E9D26496F5700AC9A30 /* RestaurantsListPresenter.swift */; };
		346F7EA3264971C500AC9A30 /* RestaurantModel.swift in Sources */ = {isa = PBXBuildFile; fileRef = B78228F22548EAD10052A546 /* RestaurantModel.swift */; };
		346F7EA6264971CE00AC9A30 /* FirebaseHandler.swift in Sources */ = {isa = PBXBuildFile; fileRef = 9D5ED243257D016C006EF47E /* FirebaseHandler.swift */; };
		346F7EA92649753300AC9A30 /* OrderStatus.swift in Sources */ = {isa = PBXBuildFile; fileRef = 344EC547257ED86B001AADF6 /* OrderStatus.swift */; };
		346F7EAC2649753800AC9A30 /* OrderInfo.swift in Sources */ = {isa = PBXBuildFile; fileRef = 34668E8425AB69B300D3627A /* OrderInfo.swift */; };
		346F7EAF2649753E00AC9A30 /* NetworkingError.swift in Sources */ = {isa = PBXBuildFile; fileRef = 3451925D25A27FAD00B075F2 /* NetworkingError.swift */; };
		346F7EB22649754600AC9A30 /* ProductModel.swift in Sources */ = {isa = PBXBuildFile; fileRef = B7086557255AE6CA00665E2C /* ProductModel.swift */; };
		346F7EB52649755B00AC9A30 /* Reachability.swift in Sources */ = {isa = PBXBuildFile; fileRef = 3451925725A271B400B075F2 /* Reachability.swift */; };
		346F7EB826497B2100AC9A30 /* RestaurantCell.swift in Sources */ = {isa = PBXBuildFile; fileRef = B78228F12548EAD10052A546 /* RestaurantCell.swift */; };
		346F7EBB26497B4700AC9A30 /* CachedImageView.swift in Sources */ = {isa = PBXBuildFile; fileRef = B71E8C6C258E5CF0007C881D /* CachedImageView.swift */; };
		346F7EBE26497B5200AC9A30 /* UIView+addShadow.swift in Sources */ = {isa = PBXBuildFile; fileRef = 344EC543257ED156001AADF6 /* UIView+addShadow.swift */; };
		346F7EC9264983F300AC9A30 /* SplitModuleBuilder.swift in Sources */ = {isa = PBXBuildFile; fileRef = 346F7EC8264983F300AC9A30 /* SplitModuleBuilder.swift */; };
		346F7ED02649882900AC9A30 /* OrdersModuleBuilder.swift in Sources */ = {isa = PBXBuildFile; fileRef = 346F7ECF2649882900AC9A30 /* OrdersModuleBuilder.swift */; };
		346F7ED62649886400AC9A30 /* OrdersViewController.swift in Sources */ = {isa = PBXBuildFile; fileRef = 346F7ED52649886400AC9A30 /* OrdersViewController.swift */; };
		346F7EDA2649887E00AC9A30 /* OrdersPresenter.swift in Sources */ = {isa = PBXBuildFile; fileRef = 346F7ED92649887E00AC9A30 /* OrdersPresenter.swift */; };
		346F7EE5264988D500AC9A30 /* OrderModuleBuilder.swift in Sources */ = {isa = PBXBuildFile; fileRef = 346F7EE4264988D500AC9A30 /* OrderModuleBuilder.swift */; };
		346F7EEB26498A7B00AC9A30 /* OrderViewController.swift in Sources */ = {isa = PBXBuildFile; fileRef = 346F7EEA26498A7B00AC9A30 /* OrderViewController.swift */; };
		346F7EEF26498A9000AC9A30 /* OrderPresenter.swift in Sources */ = {isa = PBXBuildFile; fileRef = 346F7EEE26498A9000AC9A30 /* OrderPresenter.swift */; };
		346F7EFF2649BA6000AC9A30 /* OrderPreviewCell.swift in Sources */ = {isa = PBXBuildFile; fileRef = 346F7EFD2649BA6000AC9A30 /* OrderPreviewCell.swift */; };
		346F7F002649BA6000AC9A30 /* OrderPreviewCell.xib in Resources */ = {isa = PBXBuildFile; fileRef = 346F7EFE2649BA6000AC9A30 /* OrderPreviewCell.xib */; };
		346F7F062649C74800AC9A30 /* SplitViewUpdater.swift in Sources */ = {isa = PBXBuildFile; fileRef = 346F7F052649C74800AC9A30 /* SplitViewUpdater.swift */; };
		347D6F222669A8AB0032AB4F /* ProductTableViewCell.swift in Sources */ = {isa = PBXBuildFile; fileRef = B7086556255AE6CA00665E2C /* ProductTableViewCell.swift */; };
		347D6F2C2669AD820032AB4F /* BaseButton.swift in Sources */ = {isa = PBXBuildFile; fileRef = 3442CA13254398DB0079B5AB /* BaseButton.swift */; };
		347D6F422669B2D60032AB4F /* OrderInfoBottomPanel.swift in Sources */ = {isa = PBXBuildFile; fileRef = 347D6F412669B2D60032AB4F /* OrderInfoBottomPanel.swift */; };
		76DE921A1522141D71C1E145 /* Pods_QFreeStuff.framework in Frameworks */ = {isa = PBXBuildFile; fileRef = 18A97D92891732DB7F7E5A76 /* Pods_QFreeStuff.framework */; };
		9D5ED244257D016C006EF47E /* FirebaseHandler.swift in Sources */ = {isa = PBXBuildFile; fileRef = 9D5ED243257D016C006EF47E /* FirebaseHandler.swift */; };
		B7086558255AE6CB00665E2C /* RestaurantMenuTableViewController.swift in Sources */ = {isa = PBXBuildFile; fileRef = B7086555255AE6CA00665E2C /* RestaurantMenuTableViewController.swift */; };
		B7086559255AE6CB00665E2C /* ProductTableViewCell.swift in Sources */ = {isa = PBXBuildFile; fileRef = B7086556255AE6CA00665E2C /* ProductTableViewCell.swift */; };
		B708655A255AE6CB00665E2C /* ProductModel.swift in Sources */ = {isa = PBXBuildFile; fileRef = B7086557255AE6CA00665E2C /* ProductModel.swift */; };
		B71E8C6D258E5CF0007C881D /* CachedImageView.swift in Sources */ = {isa = PBXBuildFile; fileRef = B71E8C6C258E5CF0007C881D /* CachedImageView.swift */; };
		B7373A95257FA60800E8442A /* ChangeEmailVC.swift in Sources */ = {isa = PBXBuildFile; fileRef = B7373A94257FA60800E8442A /* ChangeEmailVC.swift */; };
		B738CB08257E717F00D8D2E7 /* Coordinator.swift in Sources */ = {isa = PBXBuildFile; fileRef = B738CB07257E717F00D8D2E7 /* Coordinator.swift */; };
		B738CB732586DA0300B81422 /* TabBarInteractor.swift in Sources */ = {isa = PBXBuildFile; fileRef = B738CB722586DA0300B81422 /* TabBarInteractor.swift */; };
		B738CB762586DA3200B81422 /* TabBarModuleBuilder.swift in Sources */ = {isa = PBXBuildFile; fileRef = B738CB752586DA3200B81422 /* TabBarModuleBuilder.swift */; };
		B738CB792586DAE900B81422 /* TabBarPresenter.swift in Sources */ = {isa = PBXBuildFile; fileRef = B738CB782586DAE900B81422 /* TabBarPresenter.swift */; };
		B738CB7C2586DB8200B81422 /* TabBarRouter.swift in Sources */ = {isa = PBXBuildFile; fileRef = B738CB7B2586DB8200B81422 /* TabBarRouter.swift */; };
		B770B972258BF210005DAED2 /* InfoLabel.swift in Sources */ = {isa = PBXBuildFile; fileRef = B770B971258BF210005DAED2 /* InfoLabel.swift */; };
		B78228C42548EA480052A546 /* TabBarController.swift in Sources */ = {isa = PBXBuildFile; fileRef = B78228C32548EA480052A546 /* TabBarController.swift */; };
		B78228E62548EAC10052A546 /* ProfileInteractor.swift in Sources */ = {isa = PBXBuildFile; fileRef = B78228E12548EAC00052A546 /* ProfileInteractor.swift */; };
		B78228E72548EAC10052A546 /* ProfileModuleBuilder.swift in Sources */ = {isa = PBXBuildFile; fileRef = B78228E22548EAC00052A546 /* ProfileModuleBuilder.swift */; };
		B78228E82548EAC10052A546 /* ProfileRouter.swift in Sources */ = {isa = PBXBuildFile; fileRef = B78228E32548EAC10052A546 /* ProfileRouter.swift */; };
		B78228E92548EAC10052A546 /* ProfileVC.swift in Sources */ = {isa = PBXBuildFile; fileRef = B78228E42548EAC10052A546 /* ProfileVC.swift */; };
		B78228EA2548EAC10052A546 /* ProfilePresenter.swift in Sources */ = {isa = PBXBuildFile; fileRef = B78228E52548EAC10052A546 /* ProfilePresenter.swift */; };
		B78228F42548EAD10052A546 /* RestaurantModuleBuilder.swift in Sources */ = {isa = PBXBuildFile; fileRef = B78228EC2548EAD00052A546 /* RestaurantModuleBuilder.swift */; };
		B78228F52548EAD10052A546 /* CategoryCell.swift in Sources */ = {isa = PBXBuildFile; fileRef = B78228ED2548EAD00052A546 /* CategoryCell.swift */; };
		B78228F62548EAD10052A546 /* RestaurantVC.swift in Sources */ = {isa = PBXBuildFile; fileRef = B78228EE2548EAD00052A546 /* RestaurantVC.swift */; };
		B78228F72548EAD10052A546 /* RestaurantInteractor.swift in Sources */ = {isa = PBXBuildFile; fileRef = B78228EF2548EAD00052A546 /* RestaurantInteractor.swift */; };
		B78228F82548EAD10052A546 /* RestaurantPresenter.swift in Sources */ = {isa = PBXBuildFile; fileRef = B78228F02548EAD10052A546 /* RestaurantPresenter.swift */; };
		B78228F92548EAD10052A546 /* RestaurantCell.swift in Sources */ = {isa = PBXBuildFile; fileRef = B78228F12548EAD10052A546 /* RestaurantCell.swift */; };
		B78228FA2548EAD10052A546 /* RestaurantModel.swift in Sources */ = {isa = PBXBuildFile; fileRef = B78228F22548EAD10052A546 /* RestaurantModel.swift */; };
		B78228FB2548EAD10052A546 /* RestaurantRouter.swift in Sources */ = {isa = PBXBuildFile; fileRef = B78228F32548EAD10052A546 /* RestaurantRouter.swift */; };
		B78229022548EADE0052A546 /* SearchRouter.swift in Sources */ = {isa = PBXBuildFile; fileRef = B78228FD2548EADD0052A546 /* SearchRouter.swift */; };
		B78229032548EADE0052A546 /* SearchPresenter.swift in Sources */ = {isa = PBXBuildFile; fileRef = B78228FE2548EADE0052A546 /* SearchPresenter.swift */; };
		B78229042548EADE0052A546 /* SearchModuleBuilder.swift in Sources */ = {isa = PBXBuildFile; fileRef = B78228FF2548EADE0052A546 /* SearchModuleBuilder.swift */; };
		B78229052548EADE0052A546 /* SearchInteractor.swift in Sources */ = {isa = PBXBuildFile; fileRef = B78229002548EADE0052A546 /* SearchInteractor.swift */; };
		B78229062548EADE0052A546 /* SearchVC.swift in Sources */ = {isa = PBXBuildFile; fileRef = B78229012548EADE0052A546 /* SearchVC.swift */; };
		B7C9C03D25764CB500FBD340 /* Assets.xcassets in Resources */ = {isa = PBXBuildFile; fileRef = B7C9C03C25764CB500FBD340 /* Assets.xcassets */; };
		B7DBEB4425A5221600D724C7 /* SearchCell.swift in Sources */ = {isa = PBXBuildFile; fileRef = B7DBEB4325A5221600D724C7 /* SearchCell.swift */; };
		C492985053D3D3655E7D980E /* Pods_QFree.framework in Frameworks */ = {isa = PBXBuildFile; fileRef = 4276A4CA41B108E8576702E9 /* Pods_QFree.framework */; };
		CE6227762559769200DC01AB /* EmailConfirmationViewController.swift in Sources */ = {isa = PBXBuildFile; fileRef = CE6227752559769200DC01AB /* EmailConfirmationViewController.swift */; };
		CE6227792559835000DC01AB /* EmailConfirmationPresenter.swift in Sources */ = {isa = PBXBuildFile; fileRef = CE6227782559835000DC01AB /* EmailConfirmationPresenter.swift */; };
		CE62277C25598E3B00DC01AB /* EmailConfirmationModuleBuilder.swift in Sources */ = {isa = PBXBuildFile; fileRef = CE62277B25598E3B00DC01AB /* EmailConfirmationModuleBuilder.swift */; };
		CE62277F25598EA500DC01AB /* EmailConfirmationInteractor.swift in Sources */ = {isa = PBXBuildFile; fileRef = CE62277E25598EA500DC01AB /* EmailConfirmationInteractor.swift */; };
		CE62278225598EBF00DC01AB /* EmailConfirmationRouter.swift in Sources */ = {isa = PBXBuildFile; fileRef = CE62278125598EBF00DC01AB /* EmailConfirmationRouter.swift */; };
/* End PBXBuildFile section */

/* Begin PBXFileReference section */
		0DFC77CD0AF3D6E958AEB73E /* Pods-QFreeStuff.debug.xcconfig */ = {isa = PBXFileReference; includeInIndex = 1; lastKnownFileType = text.xcconfig; name = "Pods-QFreeStuff.debug.xcconfig"; path = "Target Support Files/Pods-QFreeStuff/Pods-QFreeStuff.debug.xcconfig"; sourceTree = "<group>"; };
		17239FE9A9A689730F68C06F /* Pods-QFree.debug.xcconfig */ = {isa = PBXFileReference; includeInIndex = 1; lastKnownFileType = text.xcconfig; name = "Pods-QFree.debug.xcconfig"; path = "Target Support Files/Pods-QFree/Pods-QFree.debug.xcconfig"; sourceTree = "<group>"; };
		18A97D92891732DB7F7E5A76 /* Pods_QFreeStuff.framework */ = {isa = PBXFileReference; explicitFileType = wrapper.framework; includeInIndex = 0; path = Pods_QFreeStuff.framework; sourceTree = BUILT_PRODUCTS_DIR; };
		340F1A7625420773000A381D /* QFree.app */ = {isa = PBXFileReference; explicitFileType = wrapper.application; includeInIndex = 0; path = QFree.app; sourceTree = BUILT_PRODUCTS_DIR; };
		340F1A7925420773000A381D /* AppDelegate.swift */ = {isa = PBXFileReference; lastKnownFileType = sourcecode.swift; path = AppDelegate.swift; sourceTree = "<group>"; };
		340F1A7B25420773000A381D /* SceneDelegate.swift */ = {isa = PBXFileReference; lastKnownFileType = sourcecode.swift; path = SceneDelegate.swift; sourceTree = "<group>"; };
		340F1A8525420775000A381D /* Base */ = {isa = PBXFileReference; lastKnownFileType = file.storyboard; name = Base; path = Base.lproj/LaunchScreen.storyboard; sourceTree = "<group>"; };
		340F1A8725420775000A381D /* Info.plist */ = {isa = PBXFileReference; lastKnownFileType = text.plist.xml; path = Info.plist; sourceTree = "<group>"; };
		340F1A90254208F0000A381D /* EntranceInteractor.swift */ = {isa = PBXFileReference; lastKnownFileType = sourcecode.swift; path = EntranceInteractor.swift; sourceTree = "<group>"; };
		340F1A9425420924000A381D /* EntrancePresenter.swift */ = {isa = PBXFileReference; lastKnownFileType = sourcecode.swift; path = EntrancePresenter.swift; sourceTree = "<group>"; };
		340F1A9725420961000A381D /* EntranceRouter.swift */ = {isa = PBXFileReference; lastKnownFileType = sourcecode.swift; path = EntranceRouter.swift; sourceTree = "<group>"; };
		340F1A9B254209BE000A381D /* EntranceViewController.swift */ = {isa = PBXFileReference; lastKnownFileType = sourcecode.swift; path = EntranceViewController.swift; sourceTree = "<group>"; };
		340F1A9E25420AB4000A381D /* EntranceModuleBuilder.swift */ = {isa = PBXFileReference; lastKnownFileType = sourcecode.swift; path = EntranceModuleBuilder.swift; sourceTree = "<group>"; };
		340F1AA225420D91000A381D /* BaseViewController.swift */ = {isa = PBXFileReference; lastKnownFileType = sourcecode.swift; path = BaseViewController.swift; sourceTree = "<group>"; };
		341184F3254385C0006D1361 /* Brandbook.swift */ = {isa = PBXFileReference; lastKnownFileType = sourcecode.swift; path = Brandbook.swift; sourceTree = "<group>"; };
		341184F72543891C006D1361 /* UIColor+hex.swift */ = {isa = PBXFileReference; lastKnownFileType = sourcecode.swift; path = "UIColor+hex.swift"; sourceTree = "<group>"; };
		3411850125438C1C006D1361 /* BaseTextField.swift */ = {isa = PBXFileReference; lastKnownFileType = sourcecode.swift; path = BaseTextField.swift; sourceTree = "<group>"; };
		341A00A525448418006F0523 /* AuthValidator.swift */ = {isa = PBXFileReference; lastKnownFileType = sourcecode.swift; path = AuthValidator.swift; sourceTree = "<group>"; };
		342896EC26407C3D008330EB /* Strings.swift */ = {isa = PBXFileReference; lastKnownFileType = sourcecode.swift; path = Strings.swift; sourceTree = "<group>"; };
		3438507A2544C1DA0048B43B /* AuthError.swift */ = {isa = PBXFileReference; lastKnownFileType = sourcecode.swift; path = AuthError.swift; sourceTree = "<group>"; };
		3442CA0A254392130079B5AB /* BaseNavigationViewController.swift */ = {isa = PBXFileReference; lastKnownFileType = sourcecode.swift; path = BaseNavigationViewController.swift; sourceTree = "<group>"; };
		3442CA0E254394B40079B5AB /* FormStackView.swift */ = {isa = PBXFileReference; lastKnownFileType = sourcecode.swift; path = FormStackView.swift; sourceTree = "<group>"; };
		3442CA13254398DB0079B5AB /* BaseButton.swift */ = {isa = PBXFileReference; lastKnownFileType = sourcecode.swift; path = BaseButton.swift; sourceTree = "<group>"; };
		344B8E7525447F4600B1A671 /* RegistrationInteractor.swift */ = {isa = PBXFileReference; lastKnownFileType = sourcecode.swift; path = RegistrationInteractor.swift; sourceTree = "<group>"; };
		344B8E7A25447FEF00B1A671 /* RegistrationPresenter.swift */ = {isa = PBXFileReference; lastKnownFileType = sourcecode.swift; path = RegistrationPresenter.swift; sourceTree = "<group>"; };
		344B8E7D2544803C00B1A671 /* RegistrationRouter.swift */ = {isa = PBXFileReference; lastKnownFileType = sourcecode.swift; path = RegistrationRouter.swift; sourceTree = "<group>"; };
		344B8E802544806E00B1A671 /* RegistrationViewController.swift */ = {isa = PBXFileReference; lastKnownFileType = sourcecode.swift; path = RegistrationViewController.swift; sourceTree = "<group>"; };
		344B8E83254480CD00B1A671 /* RegistrationModuleBuilder.swift */ = {isa = PBXFileReference; lastKnownFileType = sourcecode.swift; path = RegistrationModuleBuilder.swift; sourceTree = "<group>"; };
		344EC52F257ED0A1001AADF6 /* BasketViewController.swift */ = {isa = PBXFileReference; fileEncoding = 4; lastKnownFileType = sourcecode.swift; path = BasketViewController.swift; sourceTree = "<group>"; };
		344EC530257ED0A1001AADF6 /* BasketModuleBuilder.swift */ = {isa = PBXFileReference; fileEncoding = 4; lastKnownFileType = sourcecode.swift; path = BasketModuleBuilder.swift; sourceTree = "<group>"; };
		344EC532257ED0A1001AADF6 /* BasketRouter.swift */ = {isa = PBXFileReference; fileEncoding = 4; lastKnownFileType = sourcecode.swift; path = BasketRouter.swift; sourceTree = "<group>"; };
		344EC534257ED0A2001AADF6 /* BasketPresenter.swift */ = {isa = PBXFileReference; fileEncoding = 4; lastKnownFileType = sourcecode.swift; path = BasketPresenter.swift; sourceTree = "<group>"; };
		344EC53C257ED0AC001AADF6 /* OrderStateCell.swift */ = {isa = PBXFileReference; lastKnownFileType = sourcecode.swift; path = OrderStateCell.swift; sourceTree = "<group>"; };
		344EC543257ED156001AADF6 /* UIView+addShadow.swift */ = {isa = PBXFileReference; fileEncoding = 4; lastKnownFileType = sourcecode.swift; path = "UIView+addShadow.swift"; sourceTree = "<group>"; };
		344EC547257ED86B001AADF6 /* OrderStatus.swift */ = {isa = PBXFileReference; lastKnownFileType = sourcecode.swift; path = OrderStatus.swift; sourceTree = "<group>"; };
		344EC54C257EE442001AADF6 /* BasketInteractor.swift */ = {isa = PBXFileReference; lastKnownFileType = sourcecode.swift; path = BasketInteractor.swift; sourceTree = "<group>"; };
		344EC551257EE467001AADF6 /* OrderInteractor.swift */ = {isa = PBXFileReference; lastKnownFileType = sourcecode.swift; path = OrderInteractor.swift; sourceTree = "<group>"; };
		344EC555257EE4A3001AADF6 /* OrderModuleBuilder.swift */ = {isa = PBXFileReference; lastKnownFileType = sourcecode.swift; path = OrderModuleBuilder.swift; sourceTree = "<group>"; };
		344EC559257EE4B1001AADF6 /* OrderPresenter.swift */ = {isa = PBXFileReference; lastKnownFileType = sourcecode.swift; path = OrderPresenter.swift; sourceTree = "<group>"; };
		344EC55D257EE4BD001AADF6 /* OrderRouter.swift */ = {isa = PBXFileReference; lastKnownFileType = sourcecode.swift; path = OrderRouter.swift; sourceTree = "<group>"; };
		344EC561257EE4CC001AADF6 /* OrderViewController.swift */ = {isa = PBXFileReference; lastKnownFileType = sourcecode.swift; path = OrderViewController.swift; sourceTree = "<group>"; };
		3451925725A271B400B075F2 /* Reachability.swift */ = {isa = PBXFileReference; lastKnownFileType = sourcecode.swift; path = Reachability.swift; sourceTree = "<group>"; };
		3451925D25A27FAD00B075F2 /* NetworkingError.swift */ = {isa = PBXFileReference; lastKnownFileType = sourcecode.swift; path = NetworkingError.swift; sourceTree = "<group>"; };
		3451926225A2874800B075F2 /* BaseTableViewController.swift */ = {isa = PBXFileReference; lastKnownFileType = sourcecode.swift; path = BaseTableViewController.swift; sourceTree = "<group>"; };
		345522D52544B02800495E5F /* GoogleService-Info.plist */ = {isa = PBXFileReference; fileEncoding = 4; lastKnownFileType = text.plist.xml; path = "GoogleService-Info.plist"; sourceTree = "<group>"; };
		34585920256F08E300E47E7E /* MapManager.swift */ = {isa = PBXFileReference; lastKnownFileType = sourcecode.swift; path = MapManager.swift; sourceTree = "<group>"; };
		34585926256F0B9E00E47E7E /* BaseMapView.swift */ = {isa = PBXFileReference; lastKnownFileType = sourcecode.swift; path = BaseMapView.swift; sourceTree = "<group>"; };
		34585929256F149B00E47E7E /* MapViewController.swift */ = {isa = PBXFileReference; lastKnownFileType = sourcecode.swift; path = MapViewController.swift; sourceTree = "<group>"; };
		345CB41525AB3EC2001FC9F5 /* OrderIsProcessedViewController.swift */ = {isa = PBXFileReference; lastKnownFileType = sourcecode.swift; path = OrderIsProcessedViewController.swift; sourceTree = "<group>"; };
		345CB41A25AB635D001FC9F5 /* OrdersViewController.swift */ = {isa = PBXFileReference; lastKnownFileType = sourcecode.swift; path = OrdersViewController.swift; sourceTree = "<group>"; };
		345CB41E25AB636F001FC9F5 /* OrdersInteractor.swift */ = {isa = PBXFileReference; lastKnownFileType = sourcecode.swift; path = OrdersInteractor.swift; sourceTree = "<group>"; };
		345CB42125AB6377001FC9F5 /* OrdersPresenter.swift */ = {isa = PBXFileReference; lastKnownFileType = sourcecode.swift; path = OrdersPresenter.swift; sourceTree = "<group>"; };
		345CB42425AB6382001FC9F5 /* OrdersRouter.swift */ = {isa = PBXFileReference; lastKnownFileType = sourcecode.swift; path = OrdersRouter.swift; sourceTree = "<group>"; };
		345CB42725AB6393001FC9F5 /* OrdersModuleBuilder.swift */ = {isa = PBXFileReference; lastKnownFileType = sourcecode.swift; path = OrdersModuleBuilder.swift; sourceTree = "<group>"; };
		34668E7F25AB65E600D3627A /* OrderTableViewCell.swift */ = {isa = PBXFileReference; lastKnownFileType = sourcecode.swift; path = OrderTableViewCell.swift; sourceTree = "<group>"; };
		34668E8425AB69B300D3627A /* OrderInfo.swift */ = {isa = PBXFileReference; lastKnownFileType = sourcecode.swift; path = OrderInfo.swift; sourceTree = "<group>"; };
		346F7E332649667000AC9A30 /* QFreeStuff.app */ = {isa = PBXFileReference; explicitFileType = wrapper.application; includeInIndex = 0; path = QFreeStuff.app; sourceTree = BUILT_PRODUCTS_DIR; };
		346F7E352649667000AC9A30 /* AppDelegate.swift */ = {isa = PBXFileReference; lastKnownFileType = sourcecode.swift; path = AppDelegate.swift; sourceTree = "<group>"; };
		346F7E372649667000AC9A30 /* SceneDelegate.swift */ = {isa = PBXFileReference; lastKnownFileType = sourcecode.swift; path = SceneDelegate.swift; sourceTree = "<group>"; };
		346F7E3E2649667200AC9A30 /* Assets.xcassets */ = {isa = PBXFileReference; lastKnownFileType = folder.assetcatalog; path = Assets.xcassets; sourceTree = "<group>"; };
		346F7E412649667200AC9A30 /* Base */ = {isa = PBXFileReference; lastKnownFileType = file.storyboard; name = Base; path = Base.lproj/LaunchScreen.storyboard; sourceTree = "<group>"; };
		346F7E432649667200AC9A30 /* Info.plist */ = {isa = PBXFileReference; lastKnownFileType = text.plist.xml; path = Info.plist; sourceTree = "<group>"; };
		346F7E9226496EDB00AC9A30 /* RestaurantsListModuleBuilder.swift */ = {isa = PBXFileReference; lastKnownFileType = sourcecode.swift; path = RestaurantsListModuleBuilder.swift; sourceTree = "<group>"; };
		346F7E9926496F4600AC9A30 /* RestaurantsListViewController.swift */ = {isa = PBXFileReference; lastKnownFileType = sourcecode.swift; path = RestaurantsListViewController.swift; sourceTree = "<group>"; };
		346F7E9D26496F5700AC9A30 /* RestaurantsListPresenter.swift */ = {isa = PBXFileReference; lastKnownFileType = sourcecode.swift; path = RestaurantsListPresenter.swift; sourceTree = "<group>"; };
		346F7EC8264983F300AC9A30 /* SplitModuleBuilder.swift */ = {isa = PBXFileReference; lastKnownFileType = sourcecode.swift; path = SplitModuleBuilder.swift; sourceTree = "<group>"; };
		346F7ECF2649882900AC9A30 /* OrdersModuleBuilder.swift */ = {isa = PBXFileReference; lastKnownFileType = sourcecode.swift; path = OrdersModuleBuilder.swift; sourceTree = "<group>"; };
		346F7ED52649886400AC9A30 /* OrdersViewController.swift */ = {isa = PBXFileReference; lastKnownFileType = sourcecode.swift; path = OrdersViewController.swift; sourceTree = "<group>"; };
		346F7ED92649887E00AC9A30 /* OrdersPresenter.swift */ = {isa = PBXFileReference; lastKnownFileType = sourcecode.swift; path = OrdersPresenter.swift; sourceTree = "<group>"; };
		346F7EE4264988D500AC9A30 /* OrderModuleBuilder.swift */ = {isa = PBXFileReference; lastKnownFileType = sourcecode.swift; path = OrderModuleBuilder.swift; sourceTree = "<group>"; };
		346F7EEA26498A7B00AC9A30 /* OrderViewController.swift */ = {isa = PBXFileReference; lastKnownFileType = sourcecode.swift; path = OrderViewController.swift; sourceTree = "<group>"; };
		346F7EEE26498A9000AC9A30 /* OrderPresenter.swift */ = {isa = PBXFileReference; lastKnownFileType = sourcecode.swift; path = OrderPresenter.swift; sourceTree = "<group>"; };
		346F7EFD2649BA6000AC9A30 /* OrderPreviewCell.swift */ = {isa = PBXFileReference; lastKnownFileType = sourcecode.swift; path = OrderPreviewCell.swift; sourceTree = "<group>"; };
		346F7EFE2649BA6000AC9A30 /* OrderPreviewCell.xib */ = {isa = PBXFileReference; lastKnownFileType = file.xib; path = OrderPreviewCell.xib; sourceTree = "<group>"; };
		346F7F052649C74800AC9A30 /* SplitViewUpdater.swift */ = {isa = PBXFileReference; lastKnownFileType = sourcecode.swift; path = SplitViewUpdater.swift; sourceTree = "<group>"; };
		347D6F412669B2D60032AB4F /* OrderInfoBottomPanel.swift */ = {isa = PBXFileReference; lastKnownFileType = sourcecode.swift; path = OrderInfoBottomPanel.swift; sourceTree = "<group>"; };
		4276A4CA41B108E8576702E9 /* Pods_QFree.framework */ = {isa = PBXFileReference; explicitFileType = wrapper.framework; includeInIndex = 0; path = Pods_QFree.framework; sourceTree = BUILT_PRODUCTS_DIR; };
		428DF78EB99EC92C9351C54B /* Pods-QFreeStuff.release.xcconfig */ = {isa = PBXFileReference; includeInIndex = 1; lastKnownFileType = text.xcconfig; name = "Pods-QFreeStuff.release.xcconfig"; path = "Target Support Files/Pods-QFreeStuff/Pods-QFreeStuff.release.xcconfig"; sourceTree = "<group>"; };
		9D5ED243257D016C006EF47E /* FirebaseHandler.swift */ = {isa = PBXFileReference; lastKnownFileType = sourcecode.swift; path = FirebaseHandler.swift; sourceTree = "<group>"; };
		A5B42705DBC48C7900253926 /* Pods-QFree.release.xcconfig */ = {isa = PBXFileReference; includeInIndex = 1; lastKnownFileType = text.xcconfig; name = "Pods-QFree.release.xcconfig"; path = "Target Support Files/Pods-QFree/Pods-QFree.release.xcconfig"; sourceTree = "<group>"; };
		B7086555255AE6CA00665E2C /* RestaurantMenuTableViewController.swift */ = {isa = PBXFileReference; fileEncoding = 4; lastKnownFileType = sourcecode.swift; path = RestaurantMenuTableViewController.swift; sourceTree = "<group>"; };
		B7086556255AE6CA00665E2C /* ProductTableViewCell.swift */ = {isa = PBXFileReference; fileEncoding = 4; lastKnownFileType = sourcecode.swift; path = ProductTableViewCell.swift; sourceTree = "<group>"; };
		B7086557255AE6CA00665E2C /* ProductModel.swift */ = {isa = PBXFileReference; fileEncoding = 4; lastKnownFileType = sourcecode.swift; path = ProductModel.swift; sourceTree = "<group>"; };
		B71E8C6C258E5CF0007C881D /* CachedImageView.swift */ = {isa = PBXFileReference; lastKnownFileType = sourcecode.swift; path = CachedImageView.swift; sourceTree = "<group>"; };
		B7373A94257FA60800E8442A /* ChangeEmailVC.swift */ = {isa = PBXFileReference; lastKnownFileType = sourcecode.swift; path = ChangeEmailVC.swift; sourceTree = "<group>"; };
		B738CB07257E717F00D8D2E7 /* Coordinator.swift */ = {isa = PBXFileReference; lastKnownFileType = sourcecode.swift; path = Coordinator.swift; sourceTree = "<group>"; };
		B738CB722586DA0300B81422 /* TabBarInteractor.swift */ = {isa = PBXFileReference; lastKnownFileType = sourcecode.swift; path = TabBarInteractor.swift; sourceTree = "<group>"; };
		B738CB752586DA3200B81422 /* TabBarModuleBuilder.swift */ = {isa = PBXFileReference; lastKnownFileType = sourcecode.swift; path = TabBarModuleBuilder.swift; sourceTree = "<group>"; };
		B738CB782586DAE900B81422 /* TabBarPresenter.swift */ = {isa = PBXFileReference; lastKnownFileType = sourcecode.swift; path = TabBarPresenter.swift; sourceTree = "<group>"; };
		B738CB7B2586DB8200B81422 /* TabBarRouter.swift */ = {isa = PBXFileReference; lastKnownFileType = sourcecode.swift; path = TabBarRouter.swift; sourceTree = "<group>"; };
		B770B971258BF210005DAED2 /* InfoLabel.swift */ = {isa = PBXFileReference; lastKnownFileType = sourcecode.swift; path = InfoLabel.swift; sourceTree = "<group>"; };
		B78228C32548EA480052A546 /* TabBarController.swift */ = {isa = PBXFileReference; fileEncoding = 4; lastKnownFileType = sourcecode.swift; path = TabBarController.swift; sourceTree = "<group>"; };
		B78228E12548EAC00052A546 /* ProfileInteractor.swift */ = {isa = PBXFileReference; fileEncoding = 4; lastKnownFileType = sourcecode.swift; path = ProfileInteractor.swift; sourceTree = "<group>"; };
		B78228E22548EAC00052A546 /* ProfileModuleBuilder.swift */ = {isa = PBXFileReference; fileEncoding = 4; lastKnownFileType = sourcecode.swift; path = ProfileModuleBuilder.swift; sourceTree = "<group>"; };
		B78228E32548EAC10052A546 /* ProfileRouter.swift */ = {isa = PBXFileReference; fileEncoding = 4; lastKnownFileType = sourcecode.swift; path = ProfileRouter.swift; sourceTree = "<group>"; };
		B78228E42548EAC10052A546 /* ProfileVC.swift */ = {isa = PBXFileReference; fileEncoding = 4; lastKnownFileType = sourcecode.swift; path = ProfileVC.swift; sourceTree = "<group>"; };
		B78228E52548EAC10052A546 /* ProfilePresenter.swift */ = {isa = PBXFileReference; fileEncoding = 4; lastKnownFileType = sourcecode.swift; path = ProfilePresenter.swift; sourceTree = "<group>"; };
		B78228EC2548EAD00052A546 /* RestaurantModuleBuilder.swift */ = {isa = PBXFileReference; fileEncoding = 4; lastKnownFileType = sourcecode.swift; path = RestaurantModuleBuilder.swift; sourceTree = "<group>"; };
		B78228ED2548EAD00052A546 /* CategoryCell.swift */ = {isa = PBXFileReference; fileEncoding = 4; lastKnownFileType = sourcecode.swift; path = CategoryCell.swift; sourceTree = "<group>"; };
		B78228EE2548EAD00052A546 /* RestaurantVC.swift */ = {isa = PBXFileReference; fileEncoding = 4; lastKnownFileType = sourcecode.swift; path = RestaurantVC.swift; sourceTree = "<group>"; };
		B78228EF2548EAD00052A546 /* RestaurantInteractor.swift */ = {isa = PBXFileReference; fileEncoding = 4; lastKnownFileType = sourcecode.swift; path = RestaurantInteractor.swift; sourceTree = "<group>"; };
		B78228F02548EAD10052A546 /* RestaurantPresenter.swift */ = {isa = PBXFileReference; fileEncoding = 4; lastKnownFileType = sourcecode.swift; path = RestaurantPresenter.swift; sourceTree = "<group>"; };
		B78228F12548EAD10052A546 /* RestaurantCell.swift */ = {isa = PBXFileReference; fileEncoding = 4; lastKnownFileType = sourcecode.swift; path = RestaurantCell.swift; sourceTree = "<group>"; };
		B78228F22548EAD10052A546 /* RestaurantModel.swift */ = {isa = PBXFileReference; fileEncoding = 4; lastKnownFileType = sourcecode.swift; path = RestaurantModel.swift; sourceTree = "<group>"; };
		B78228F32548EAD10052A546 /* RestaurantRouter.swift */ = {isa = PBXFileReference; fileEncoding = 4; lastKnownFileType = sourcecode.swift; path = RestaurantRouter.swift; sourceTree = "<group>"; };
		B78228FD2548EADD0052A546 /* SearchRouter.swift */ = {isa = PBXFileReference; fileEncoding = 4; lastKnownFileType = sourcecode.swift; path = SearchRouter.swift; sourceTree = "<group>"; };
		B78228FE2548EADE0052A546 /* SearchPresenter.swift */ = {isa = PBXFileReference; fileEncoding = 4; lastKnownFileType = sourcecode.swift; path = SearchPresenter.swift; sourceTree = "<group>"; };
		B78228FF2548EADE0052A546 /* SearchModuleBuilder.swift */ = {isa = PBXFileReference; fileEncoding = 4; lastKnownFileType = sourcecode.swift; path = SearchModuleBuilder.swift; sourceTree = "<group>"; };
		B78229002548EADE0052A546 /* SearchInteractor.swift */ = {isa = PBXFileReference; fileEncoding = 4; lastKnownFileType = sourcecode.swift; path = SearchInteractor.swift; sourceTree = "<group>"; };
		B78229012548EADE0052A546 /* SearchVC.swift */ = {isa = PBXFileReference; fileEncoding = 4; lastKnownFileType = sourcecode.swift; path = SearchVC.swift; sourceTree = "<group>"; };
		B7C9C03C25764CB500FBD340 /* Assets.xcassets */ = {isa = PBXFileReference; lastKnownFileType = folder.assetcatalog; path = Assets.xcassets; sourceTree = "<group>"; };
		B7DBEB4325A5221600D724C7 /* SearchCell.swift */ = {isa = PBXFileReference; lastKnownFileType = sourcecode.swift; path = SearchCell.swift; sourceTree = "<group>"; };
		CE6227752559769200DC01AB /* EmailConfirmationViewController.swift */ = {isa = PBXFileReference; lastKnownFileType = sourcecode.swift; path = EmailConfirmationViewController.swift; sourceTree = "<group>"; };
		CE6227782559835000DC01AB /* EmailConfirmationPresenter.swift */ = {isa = PBXFileReference; lastKnownFileType = sourcecode.swift; path = EmailConfirmationPresenter.swift; sourceTree = "<group>"; };
		CE62277B25598E3B00DC01AB /* EmailConfirmationModuleBuilder.swift */ = {isa = PBXFileReference; lastKnownFileType = sourcecode.swift; path = EmailConfirmationModuleBuilder.swift; sourceTree = "<group>"; };
		CE62277E25598EA500DC01AB /* EmailConfirmationInteractor.swift */ = {isa = PBXFileReference; lastKnownFileType = sourcecode.swift; path = EmailConfirmationInteractor.swift; sourceTree = "<group>"; };
		CE62278125598EBF00DC01AB /* EmailConfirmationRouter.swift */ = {isa = PBXFileReference; lastKnownFileType = sourcecode.swift; path = EmailConfirmationRouter.swift; sourceTree = "<group>"; };
/* End PBXFileReference section */

/* Begin PBXFrameworksBuildPhase section */
		340F1A7325420773000A381D /* Frameworks */ = {
			isa = PBXFrameworksBuildPhase;
			buildActionMask = 2147483647;
			files = (
				C492985053D3D3655E7D980E /* Pods_QFree.framework in Frameworks */,
			);
			runOnlyForDeploymentPostprocessing = 0;
		};
		346F7E302649667000AC9A30 /* Frameworks */ = {
			isa = PBXFrameworksBuildPhase;
			buildActionMask = 2147483647;
			files = (
				76DE921A1522141D71C1E145 /* Pods_QFreeStuff.framework in Frameworks */,
			);
			runOnlyForDeploymentPostprocessing = 0;
		};
/* End PBXFrameworksBuildPhase section */

/* Begin PBXGroup section */
		321D1BA44B347AAD6F3BBE95 /* Frameworks */ = {
			isa = PBXGroup;
			children = (
				4276A4CA41B108E8576702E9 /* Pods_QFree.framework */,
				18A97D92891732DB7F7E5A76 /* Pods_QFreeStuff.framework */,
			);
			name = Frameworks;
			sourceTree = "<group>";
		};
		340F1A6D25420772000A381D = {
			isa = PBXGroup;
			children = (
				340F1A7825420773000A381D /* QFree */,
				346F7E342649667000AC9A30 /* QFreeStuff */,
				340F1A7725420773000A381D /* Products */,
				682860BBB01170A36DA22FAD /* Pods */,
				321D1BA44B347AAD6F3BBE95 /* Frameworks */,
			);
			sourceTree = "<group>";
		};
		340F1A7725420773000A381D /* Products */ = {
			isa = PBXGroup;
			children = (
				340F1A7625420773000A381D /* QFree.app */,
				346F7E332649667000AC9A30 /* QFreeStuff.app */,
			);
			name = Products;
			sourceTree = "<group>";
		};
		340F1A7825420773000A381D /* QFree */ = {
			isa = PBXGroup;
			children = (
				9D5ED242257D00E0006EF47E /* Networking */,
				344B8E7825447F6100B1A671 /* AuthModules */,
				B78228C22548EA250052A546 /* MainModules */,
				B708653F255A0B6C00665E2C /* Supporting Files */,
				341184F625438911006D1361 /* Helpers */,
				341184FC25438BDF006D1361 /* UI */,
				3458591F256F08BB00E47E7E /* Map */,
				340F1A8725420775000A381D /* Info.plist */,
			);
			path = QFree;
			sourceTree = "<group>";
		};
		340F1A8F254208CA000A381D /* EntranceModule */ = {
			isa = PBXGroup;
			children = (
				340F1A9B254209BE000A381D /* EntranceViewController.swift */,
				340F1A90254208F0000A381D /* EntranceInteractor.swift */,
				340F1A9425420924000A381D /* EntrancePresenter.swift */,
				340F1A9725420961000A381D /* EntranceRouter.swift */,
				340F1A9E25420AB4000A381D /* EntranceModuleBuilder.swift */,
			);
			path = EntranceModule;
			sourceTree = "<group>";
		};
		341184F625438911006D1361 /* Helpers */ = {
			isa = PBXGroup;
			children = (
				341A00A525448418006F0523 /* AuthValidator.swift */,
				3438507A2544C1DA0048B43B /* AuthError.swift */,
				B738CB07257E717F00D8D2E7 /* Coordinator.swift */,
				341A00A325448400006F0523 /* Extensions */,
			);
			path = Helpers;
			sourceTree = "<group>";
		};
		341184FC25438BDF006D1361 /* UI */ = {
			isa = PBXGroup;
			children = (
				3442CA11254398C50079B5AB /* Controllers */,
				3442CA12254398D00079B5AB /* Views */,
			);
			path = UI;
			sourceTree = "<group>";
		};
		341A00A325448400006F0523 /* Extensions */ = {
			isa = PBXGroup;
			children = (
				341184F72543891C006D1361 /* UIColor+hex.swift */,
				344EC543257ED156001AADF6 /* UIView+addShadow.swift */,
			);
			path = Extensions;
			sourceTree = "<group>";
		};
		342896EF26407C43008330EB /* Constants */ = {
			isa = PBXGroup;
			children = (
				342896EC26407C3D008330EB /* Strings.swift */,
			);
			path = Constants;
			sourceTree = "<group>";
		};
		3442CA11254398C50079B5AB /* Controllers */ = {
			isa = PBXGroup;
			children = (
				3442CA0A254392130079B5AB /* BaseNavigationViewController.swift */,
				340F1AA225420D91000A381D /* BaseViewController.swift */,
				3451926225A2874800B075F2 /* BaseTableViewController.swift */,
				345CB41525AB3EC2001FC9F5 /* OrderIsProcessedViewController.swift */,
			);
			path = Controllers;
			sourceTree = "<group>";
		};
		3442CA12254398D00079B5AB /* Views */ = {
			isa = PBXGroup;
			children = (
				3411850125438C1C006D1361 /* BaseTextField.swift */,
				3442CA13254398DB0079B5AB /* BaseButton.swift */,
				3442CA0E254394B40079B5AB /* FormStackView.swift */,
				B770B971258BF210005DAED2 /* InfoLabel.swift */,
			);
			path = Views;
			sourceTree = "<group>";
		};
		344B8E7425447F1E00B1A671 /* RegistrationModule */ = {
			isa = PBXGroup;
			children = (
				344B8E802544806E00B1A671 /* RegistrationViewController.swift */,
				344B8E7525447F4600B1A671 /* RegistrationInteractor.swift */,
				344B8E7A25447FEF00B1A671 /* RegistrationPresenter.swift */,
				344B8E7D2544803C00B1A671 /* RegistrationRouter.swift */,
				344B8E83254480CD00B1A671 /* RegistrationModuleBuilder.swift */,
			);
			path = RegistrationModule;
			sourceTree = "<group>";
		};
		344B8E7825447F6100B1A671 /* AuthModules */ = {
			isa = PBXGroup;
			children = (
				342896EF26407C43008330EB /* Constants */,
				CE6227732559752400DC01AB /* EmailConfirmationModule */,
				340F1A8F254208CA000A381D /* EntranceModule */,
				344B8E7425447F1E00B1A671 /* RegistrationModule */,
			);
			path = AuthModules;
			sourceTree = "<group>";
		};
		344EC540257ED0B8001AADF6 /* Views */ = {
			isa = PBXGroup;
			children = (
				344EC53C257ED0AC001AADF6 /* OrderStateCell.swift */,
			);
			path = Views;
			sourceTree = "<group>";
		};
		344EC546257ED85C001AADF6 /* Models */ = {
			isa = PBXGroup;
			children = (
				344EC547257ED86B001AADF6 /* OrderStatus.swift */,
			);
			path = Models;
			sourceTree = "<group>";
		};
		3458591F256F08BB00E47E7E /* Map */ = {
			isa = PBXGroup;
			children = (
				34585920256F08E300E47E7E /* MapManager.swift */,
				34585926256F0B9E00E47E7E /* BaseMapView.swift */,
				34585929256F149B00E47E7E /* MapViewController.swift */,
			);
			path = Map;
			sourceTree = "<group>";
		};
		345CB41925AB6342001FC9F5 /* OrdersModule */ = {
			isa = PBXGroup;
			children = (
				345CB41A25AB635D001FC9F5 /* OrdersViewController.swift */,
				345CB41E25AB636F001FC9F5 /* OrdersInteractor.swift */,
				345CB42125AB6377001FC9F5 /* OrdersPresenter.swift */,
				345CB42425AB6382001FC9F5 /* OrdersRouter.swift */,
				345CB42725AB6393001FC9F5 /* OrdersModuleBuilder.swift */,
				34668E8725AB69B600D3627A /* Model */,
				34668E8225AB65EB00D3627A /* Views */,
				B78228C72548EA670052A546 /* OrderModule */,
			);
			path = OrdersModule;
			sourceTree = "<group>";
		};
		34668E8225AB65EB00D3627A /* Views */ = {
			isa = PBXGroup;
			children = (
				34668E7F25AB65E600D3627A /* OrderTableViewCell.swift */,
			);
			path = Views;
			sourceTree = "<group>";
		};
		34668E8725AB69B600D3627A /* Model */ = {
			isa = PBXGroup;
			children = (
				34668E8425AB69B300D3627A /* OrderInfo.swift */,
			);
			path = Model;
			sourceTree = "<group>";
		};
		346F7E342649667000AC9A30 /* QFreeStuff */ = {
			isa = PBXGroup;
			children = (
				346F7E9826496F2900AC9A30 /* RestaurantsListModule */,
				346F7EC12649812900AC9A30 /* SplitModule */,
				346F7ECE2649881600AC9A30 /* OrdersModule */,
				346F7EE1264988C700AC9A30 /* OrderModule */,
				346F7E8F26496E9600AC9A30 /* Supporting Files */,
				346F7E432649667200AC9A30 /* Info.plist */,
			);
			path = QFreeStuff;
			sourceTree = "<group>";
		};
		346F7E8F26496E9600AC9A30 /* Supporting Files */ = {
			isa = PBXGroup;
			children = (
				346F7E352649667000AC9A30 /* AppDelegate.swift */,
				346F7E372649667000AC9A30 /* SceneDelegate.swift */,
				346F7E3E2649667200AC9A30 /* Assets.xcassets */,
				346F7E402649667200AC9A30 /* LaunchScreen.storyboard */,
			);
			path = "Supporting Files";
			sourceTree = "<group>";
		};
		346F7E9826496F2900AC9A30 /* RestaurantsListModule */ = {
			isa = PBXGroup;
			children = (
				346F7E9226496EDB00AC9A30 /* RestaurantsListModuleBuilder.swift */,
				346F7E9926496F4600AC9A30 /* RestaurantsListViewController.swift */,
				346F7E9D26496F5700AC9A30 /* RestaurantsListPresenter.swift */,
			);
			path = RestaurantsListModule;
			sourceTree = "<group>";
		};
		346F7EC12649812900AC9A30 /* SplitModule */ = {
			isa = PBXGroup;
			children = (
				346F7EC8264983F300AC9A30 /* SplitModuleBuilder.swift */,
				346F7F052649C74800AC9A30 /* SplitViewUpdater.swift */,
			);
			path = SplitModule;
			sourceTree = "<group>";
		};
		346F7ECE2649881600AC9A30 /* OrdersModule */ = {
			isa = PBXGroup;
			children = (
				346F7EFC2649BA3B00AC9A30 /* OrderPreviewCell */,
				346F7ECF2649882900AC9A30 /* OrdersModuleBuilder.swift */,
				346F7ED52649886400AC9A30 /* OrdersViewController.swift */,
				346F7ED92649887E00AC9A30 /* OrdersPresenter.swift */,
			);
			path = OrdersModule;
			sourceTree = "<group>";
		};
		346F7EE1264988C700AC9A30 /* OrderModule */ = {
			isa = PBXGroup;
			children = (
				347D6F252669AC0C0032AB4F /* Views */,
				346F7EE4264988D500AC9A30 /* OrderModuleBuilder.swift */,
				346F7EEA26498A7B00AC9A30 /* OrderViewController.swift */,
				346F7EEE26498A9000AC9A30 /* OrderPresenter.swift */,
			);
			path = OrderModule;
			sourceTree = "<group>";
		};
		346F7EFC2649BA3B00AC9A30 /* OrderPreviewCell */ = {
			isa = PBXGroup;
			children = (
				346F7EFD2649BA6000AC9A30 /* OrderPreviewCell.swift */,
				346F7EFE2649BA6000AC9A30 /* OrderPreviewCell.xib */,
			);
			path = OrderPreviewCell;
			sourceTree = "<group>";
		};
		347D6F252669AC0C0032AB4F /* Views */ = {
			isa = PBXGroup;
			children = (
				347D6F412669B2D60032AB4F /* OrderInfoBottomPanel.swift */,
			);
			path = Views;
			sourceTree = "<group>";
		};
		682860BBB01170A36DA22FAD /* Pods */ = {
			isa = PBXGroup;
			children = (
				17239FE9A9A689730F68C06F /* Pods-QFree.debug.xcconfig */,
				A5B42705DBC48C7900253926 /* Pods-QFree.release.xcconfig */,
				0DFC77CD0AF3D6E958AEB73E /* Pods-QFreeStuff.debug.xcconfig */,
				428DF78EB99EC92C9351C54B /* Pods-QFreeStuff.release.xcconfig */,
			);
			path = Pods;
			sourceTree = "<group>";
		};
		9D5ED242257D00E0006EF47E /* Networking */ = {
			isa = PBXGroup;
			children = (
				3451925725A271B400B075F2 /* Reachability.swift */,
				3451925D25A27FAD00B075F2 /* NetworkingError.swift */,
				9D5ED243257D016C006EF47E /* FirebaseHandler.swift */,
			);
			path = Networking;
			sourceTree = "<group>";
		};
		B708653D255A07B300665E2C /* Views */ = {
			isa = PBXGroup;
			children = (
				B78228ED2548EAD00052A546 /* CategoryCell.swift */,
				B78228F12548EAD10052A546 /* RestaurantCell.swift */,
				B71E8C6C258E5CF0007C881D /* CachedImageView.swift */,
			);
			path = Views;
			sourceTree = "<group>";
		};
		B708653F255A0B6C00665E2C /* Supporting Files */ = {
			isa = PBXGroup;
			children = (
				340F1A7925420773000A381D /* AppDelegate.swift */,
				340F1A7B25420773000A381D /* SceneDelegate.swift */,
				B7C9C03C25764CB500FBD340 /* Assets.xcassets */,
				341184F3254385C0006D1361 /* Brandbook.swift */,
				340F1A8425420775000A381D /* LaunchScreen.storyboard */,
				345522D52544B02800495E5F /* GoogleService-Info.plist */,
			);
			path = "Supporting Files";
			sourceTree = "<group>";
		};
		B7086554255AE6B300665E2C /* MenuModule */ = {
			isa = PBXGroup;
			children = (
				B7086557255AE6CA00665E2C /* ProductModel.swift */,
				B7086556255AE6CA00665E2C /* ProductTableViewCell.swift */,
				B7086555255AE6CA00665E2C /* RestaurantMenuTableViewController.swift */,
			);
			path = MenuModule;
			sourceTree = "<group>";
		};
		B78228C22548EA250052A546 /* MainModules */ = {
			isa = PBXGroup;
			children = (
				B78228C92548EA800052A546 /* RestaurantModule */,
				B7086554255AE6B300665E2C /* MenuModule */,
				345CB41925AB6342001FC9F5 /* OrdersModule */,
				B78228C62548EA5B0052A546 /* BasketModule */,
				B78228CA2548EA8B0052A546 /* SearchModule */,
				B78228C82548EA760052A546 /* ProfileModule */,
				B7AEDC1A2586D77900E1EB8D /* TabBarModule */,
			);
			path = MainModules;
			sourceTree = "<group>";
		};
		B78228C62548EA5B0052A546 /* BasketModule */ = {
			isa = PBXGroup;
			children = (
				344EC52F257ED0A1001AADF6 /* BasketViewController.swift */,
				344EC54C257EE442001AADF6 /* BasketInteractor.swift */,
				344EC534257ED0A2001AADF6 /* BasketPresenter.swift */,
				344EC532257ED0A1001AADF6 /* BasketRouter.swift */,
				344EC530257ED0A1001AADF6 /* BasketModuleBuilder.swift */,
			);
			path = BasketModule;
			sourceTree = "<group>";
		};
		B78228C72548EA670052A546 /* OrderModule */ = {
			isa = PBXGroup;
			children = (
				344EC561257EE4CC001AADF6 /* OrderViewController.swift */,
				344EC551257EE467001AADF6 /* OrderInteractor.swift */,
				344EC559257EE4B1001AADF6 /* OrderPresenter.swift */,
				344EC55D257EE4BD001AADF6 /* OrderRouter.swift */,
				344EC555257EE4A3001AADF6 /* OrderModuleBuilder.swift */,
				344EC540257ED0B8001AADF6 /* Views */,
				344EC546257ED85C001AADF6 /* Models */,
			);
			path = OrderModule;
			sourceTree = "<group>";
		};
		B78228C82548EA760052A546 /* ProfileModule */ = {
			isa = PBXGroup;
			children = (
				B78228E42548EAC10052A546 /* ProfileVC.swift */,
				B7373A94257FA60800E8442A /* ChangeEmailVC.swift */,
				B78228E12548EAC00052A546 /* ProfileInteractor.swift */,
				B78228E52548EAC10052A546 /* ProfilePresenter.swift */,
				B78228E32548EAC10052A546 /* ProfileRouter.swift */,
				B78228E22548EAC00052A546 /* ProfileModuleBuilder.swift */,
			);
			path = ProfileModule;
			sourceTree = "<group>";
		};
		B78228C92548EA800052A546 /* RestaurantModule */ = {
			isa = PBXGroup;
			children = (
				B708653D255A07B300665E2C /* Views */,
				B78228EE2548EAD00052A546 /* RestaurantVC.swift */,
				B78228EF2548EAD00052A546 /* RestaurantInteractor.swift */,
				B78228F02548EAD10052A546 /* RestaurantPresenter.swift */,
				B78228F22548EAD10052A546 /* RestaurantModel.swift */,
				B78228F32548EAD10052A546 /* RestaurantRouter.swift */,
				B78228EC2548EAD00052A546 /* RestaurantModuleBuilder.swift */,
			);
			path = RestaurantModule;
			sourceTree = "<group>";
		};
		B78228CA2548EA8B0052A546 /* SearchModule */ = {
			isa = PBXGroup;
			children = (
				B7DBEB4225A521F200D724C7 /* Views */,
				B78229012548EADE0052A546 /* SearchVC.swift */,
				B78229002548EADE0052A546 /* SearchInteractor.swift */,
				B78228FE2548EADE0052A546 /* SearchPresenter.swift */,
				B78228FD2548EADD0052A546 /* SearchRouter.swift */,
				B78228FF2548EADE0052A546 /* SearchModuleBuilder.swift */,
			);
			path = SearchModule;
			sourceTree = "<group>";
		};
		B7AEDC1A2586D77900E1EB8D /* TabBarModule */ = {
			isa = PBXGroup;
			children = (
				B78228C32548EA480052A546 /* TabBarController.swift */,
				B738CB722586DA0300B81422 /* TabBarInteractor.swift */,
				B738CB782586DAE900B81422 /* TabBarPresenter.swift */,
				B738CB7B2586DB8200B81422 /* TabBarRouter.swift */,
				B738CB752586DA3200B81422 /* TabBarModuleBuilder.swift */,
			);
			path = TabBarModule;
			sourceTree = "<group>";
		};
		B7DBEB4225A521F200D724C7 /* Views */ = {
			isa = PBXGroup;
			children = (
				B7DBEB4325A5221600D724C7 /* SearchCell.swift */,
			);
			path = Views;
			sourceTree = "<group>";
		};
		CE6227732559752400DC01AB /* EmailConfirmationModule */ = {
			isa = PBXGroup;
			children = (
				CE6227752559769200DC01AB /* EmailConfirmationViewController.swift */,
				CE62277E25598EA500DC01AB /* EmailConfirmationInteractor.swift */,
				CE6227782559835000DC01AB /* EmailConfirmationPresenter.swift */,
				CE62278125598EBF00DC01AB /* EmailConfirmationRouter.swift */,
				CE62277B25598E3B00DC01AB /* EmailConfirmationModuleBuilder.swift */,
			);
			path = EmailConfirmationModule;
			sourceTree = "<group>";
		};
/* End PBXGroup section */

/* Begin PBXNativeTarget section */
		340F1A7525420773000A381D /* QFree */ = {
			isa = PBXNativeTarget;
			buildConfigurationList = 340F1A8A25420775000A381D /* Build configuration list for PBXNativeTarget "QFree" */;
			buildPhases = (
				B87F6435FC87672C319A595C /* [CP] Check Pods Manifest.lock */,
				340F1A7225420773000A381D /* Sources */,
				340F1A7325420773000A381D /* Frameworks */,
				340F1A7425420773000A381D /* Resources */,
				4EC5973BB065C75CEDE5CC93 /* [CP] Embed Pods Frameworks */,
			);
			buildRules = (
			);
			dependencies = (
			);
			name = QFree;
			productName = QFree;
			productReference = 340F1A7625420773000A381D /* QFree.app */;
			productType = "com.apple.product-type.application";
		};
		346F7E322649667000AC9A30 /* QFreeStuff */ = {
			isa = PBXNativeTarget;
			buildConfigurationList = 346F7E462649667200AC9A30 /* Build configuration list for PBXNativeTarget "QFreeStuff" */;
			buildPhases = (
				05734E6E75B62A6543F9BCCB /* [CP] Check Pods Manifest.lock */,
				346F7E2F2649667000AC9A30 /* Sources */,
				346F7E302649667000AC9A30 /* Frameworks */,
				346F7E312649667000AC9A30 /* Resources */,
				0F9E8C6525F1EC77B9540A05 /* [CP] Embed Pods Frameworks */,
			);
			buildRules = (
			);
			dependencies = (
			);
			name = QFreeStuff;
			productName = QFreeStuff;
			productReference = 346F7E332649667000AC9A30 /* QFreeStuff.app */;
			productType = "com.apple.product-type.application";
		};
/* End PBXNativeTarget section */

/* Begin PBXProject section */
		340F1A6E25420772000A381D /* Project object */ = {
			isa = PBXProject;
			attributes = {
				LastSwiftUpdateCheck = 1240;
				LastUpgradeCheck = 1200;
				TargetAttributes = {
					340F1A7525420773000A381D = {
						CreatedOnToolsVersion = 12.0.1;
					};
					346F7E322649667000AC9A30 = {
						CreatedOnToolsVersion = 12.4;
					};
				};
			};
			buildConfigurationList = 340F1A7125420772000A381D /* Build configuration list for PBXProject "QFree" */;
			compatibilityVersion = "Xcode 9.3";
			developmentRegion = en;
			hasScannedForEncodings = 0;
			knownRegions = (
				en,
				Base,
			);
			mainGroup = 340F1A6D25420772000A381D;
			productRefGroup = 340F1A7725420773000A381D /* Products */;
			projectDirPath = "";
			projectRoot = "";
			targets = (
				340F1A7525420773000A381D /* QFree */,
				346F7E322649667000AC9A30 /* QFreeStuff */,
			);
		};
/* End PBXProject section */

/* Begin PBXResourcesBuildPhase section */
		340F1A7425420773000A381D /* Resources */ = {
			isa = PBXResourcesBuildPhase;
			buildActionMask = 2147483647;
			files = (
				340F1A8625420775000A381D /* LaunchScreen.storyboard in Resources */,
				B7C9C03D25764CB500FBD340 /* Assets.xcassets in Resources */,
				345522D62544B02800495E5F /* GoogleService-Info.plist in Resources */,
			);
			runOnlyForDeploymentPostprocessing = 0;
		};
		346F7E312649667000AC9A30 /* Resources */ = {
			isa = PBXResourcesBuildPhase;
			buildActionMask = 2147483647;
			files = (
				346F7E422649667200AC9A30 /* LaunchScreen.storyboard in Resources */,
				346F7E3F2649667200AC9A30 /* Assets.xcassets in Resources */,
				346F7E62264968AD00AC9A30 /* GoogleService-Info.plist in Resources */,
				346F7F002649BA6000AC9A30 /* OrderPreviewCell.xib in Resources */,
			);
			runOnlyForDeploymentPostprocessing = 0;
		};
/* End PBXResourcesBuildPhase section */

/* Begin PBXShellScriptBuildPhase section */
		05734E6E75B62A6543F9BCCB /* [CP] Check Pods Manifest.lock */ = {
			isa = PBXShellScriptBuildPhase;
			buildActionMask = 2147483647;
			files = (
			);
			inputFileListPaths = (
			);
			inputPaths = (
				"${PODS_PODFILE_DIR_PATH}/Podfile.lock",
				"${PODS_ROOT}/Manifest.lock",
			);
			name = "[CP] Check Pods Manifest.lock";
			outputFileListPaths = (
			);
			outputPaths = (
				"$(DERIVED_FILE_DIR)/Pods-QFreeStuff-checkManifestLockResult.txt",
			);
			runOnlyForDeploymentPostprocessing = 0;
			shellPath = /bin/sh;
			shellScript = "diff \"${PODS_PODFILE_DIR_PATH}/Podfile.lock\" \"${PODS_ROOT}/Manifest.lock\" > /dev/null\nif [ $? != 0 ] ; then\n    # print error to STDERR\n    echo \"error: The sandbox is not in sync with the Podfile.lock. Run 'pod install' or update your CocoaPods installation.\" >&2\n    exit 1\nfi\n# This output is used by Xcode 'outputs' to avoid re-running this script phase.\necho \"SUCCESS\" > \"${SCRIPT_OUTPUT_FILE_0}\"\n";
			showEnvVarsInLog = 0;
		};
		0F9E8C6525F1EC77B9540A05 /* [CP] Embed Pods Frameworks */ = {
			isa = PBXShellScriptBuildPhase;
			buildActionMask = 2147483647;
			files = (
			);
			inputFileListPaths = (
				"${PODS_ROOT}/Target Support Files/Pods-QFreeStuff/Pods-QFreeStuff-frameworks-${CONFIGURATION}-input-files.xcfilelist",
			);
			name = "[CP] Embed Pods Frameworks";
			outputFileListPaths = (
				"${PODS_ROOT}/Target Support Files/Pods-QFreeStuff/Pods-QFreeStuff-frameworks-${CONFIGURATION}-output-files.xcfilelist",
			);
			runOnlyForDeploymentPostprocessing = 0;
			shellPath = /bin/sh;
			shellScript = "\"${PODS_ROOT}/Target Support Files/Pods-QFreeStuff/Pods-QFreeStuff-frameworks.sh\"\n";
			showEnvVarsInLog = 0;
		};
		4EC5973BB065C75CEDE5CC93 /* [CP] Embed Pods Frameworks */ = {
			isa = PBXShellScriptBuildPhase;
			buildActionMask = 2147483647;
			files = (
			);
			inputFileListPaths = (
				"${PODS_ROOT}/Target Support Files/Pods-QFree/Pods-QFree-frameworks-${CONFIGURATION}-input-files.xcfilelist",
			);
			name = "[CP] Embed Pods Frameworks";
			outputFileListPaths = (
				"${PODS_ROOT}/Target Support Files/Pods-QFree/Pods-QFree-frameworks-${CONFIGURATION}-output-files.xcfilelist",
			);
			runOnlyForDeploymentPostprocessing = 0;
			shellPath = /bin/sh;
			shellScript = "\"${PODS_ROOT}/Target Support Files/Pods-QFree/Pods-QFree-frameworks.sh\"\n";
			showEnvVarsInLog = 0;
		};
		B87F6435FC87672C319A595C /* [CP] Check Pods Manifest.lock */ = {
			isa = PBXShellScriptBuildPhase;
			buildActionMask = 2147483647;
			files = (
			);
			inputFileListPaths = (
			);
			inputPaths = (
				"${PODS_PODFILE_DIR_PATH}/Podfile.lock",
				"${PODS_ROOT}/Manifest.lock",
			);
			name = "[CP] Check Pods Manifest.lock";
			outputFileListPaths = (
			);
			outputPaths = (
				"$(DERIVED_FILE_DIR)/Pods-QFree-checkManifestLockResult.txt",
			);
			runOnlyForDeploymentPostprocessing = 0;
			shellPath = /bin/sh;
			shellScript = "diff \"${PODS_PODFILE_DIR_PATH}/Podfile.lock\" \"${PODS_ROOT}/Manifest.lock\" > /dev/null\nif [ $? != 0 ] ; then\n    # print error to STDERR\n    echo \"error: The sandbox is not in sync with the Podfile.lock. Run 'pod install' or update your CocoaPods installation.\" >&2\n    exit 1\nfi\n# This output is used by Xcode 'outputs' to avoid re-running this script phase.\necho \"SUCCESS\" > \"${SCRIPT_OUTPUT_FILE_0}\"\n";
			showEnvVarsInLog = 0;
		};
/* End PBXShellScriptBuildPhase section */

/* Begin PBXSourcesBuildPhase section */
		340F1A7225420773000A381D /* Sources */ = {
			isa = PBXSourcesBuildPhase;
			buildActionMask = 2147483647;
			files = (
				B7373A95257FA60800E8442A /* ChangeEmailVC.swift in Sources */,
				B7086558255AE6CB00665E2C /* RestaurantMenuTableViewController.swift in Sources */,
				B7086559255AE6CB00665E2C /* ProductTableViewCell.swift in Sources */,
				344EC54D257EE442001AADF6 /* BasketInteractor.swift in Sources */,
				340F1A9825420961000A381D /* EntranceRouter.swift in Sources */,
				B78229022548EADE0052A546 /* SearchRouter.swift in Sources */,
				340F1A9F25420AB4000A381D /* EntranceModuleBuilder.swift in Sources */,
				B78228E92548EAC10052A546 /* ProfileVC.swift in Sources */,
				CE62277F25598EA500DC01AB /* EmailConfirmationInteractor.swift in Sources */,
				B78228E62548EAC10052A546 /* ProfileInteractor.swift in Sources */,
				344B8E812544806E00B1A671 /* RegistrationViewController.swift in Sources */,
				B78229042548EADE0052A546 /* SearchModuleBuilder.swift in Sources */,
				344EC562257EE4CC001AADF6 /* OrderViewController.swift in Sources */,
				B78228F42548EAD10052A546 /* RestaurantModuleBuilder.swift in Sources */,
				340F1A9525420924000A381D /* EntrancePresenter.swift in Sources */,
				B78228F92548EAD10052A546 /* RestaurantCell.swift in Sources */,
				3442CA0B254392130079B5AB /* BaseNavigationViewController.swift in Sources */,
				34585921256F08E300E47E7E /* MapManager.swift in Sources */,
				345CB41B25AB635D001FC9F5 /* OrdersViewController.swift in Sources */,
				B738CB7C2586DB8200B81422 /* TabBarRouter.swift in Sources */,
				B78228C42548EA480052A546 /* TabBarController.swift in Sources */,
				B78229062548EADE0052A546 /* SearchVC.swift in Sources */,
				B78229032548EADE0052A546 /* SearchPresenter.swift in Sources */,
				B78228E82548EAC10052A546 /* ProfileRouter.swift in Sources */,
				B78228F62548EAD10052A546 /* RestaurantVC.swift in Sources */,
				9D5ED244257D016C006EF47E /* FirebaseHandler.swift in Sources */,
				344B8E7E2544803C00B1A671 /* RegistrationRouter.swift in Sources */,
				B78228FA2548EAD10052A546 /* RestaurantModel.swift in Sources */,
				CE62278225598EBF00DC01AB /* EmailConfirmationRouter.swift in Sources */,
				344EC556257EE4A3001AADF6 /* OrderModuleBuilder.swift in Sources */,
				344B8E7B25447FEF00B1A671 /* RegistrationPresenter.swift in Sources */,
				3458592A256F149B00E47E7E /* MapViewController.swift in Sources */,
				344EC55A257EE4B1001AADF6 /* OrderPresenter.swift in Sources */,
				B78228F52548EAD10052A546 /* CategoryCell.swift in Sources */,
				340F1A91254208F0000A381D /* EntranceInteractor.swift in Sources */,
				3442CA0F254394B40079B5AB /* FormStackView.swift in Sources */,
				B78228E72548EAC10052A546 /* ProfileModuleBuilder.swift in Sources */,
				344B8E84254480CD00B1A671 /* RegistrationModuleBuilder.swift in Sources */,
				3411850225438C1C006D1361 /* BaseTextField.swift in Sources */,
				340F1A9C254209BE000A381D /* EntranceViewController.swift in Sources */,
				B78229052548EADE0052A546 /* SearchInteractor.swift in Sources */,
				345CB42225AB6377001FC9F5 /* OrdersPresenter.swift in Sources */,
				340F1AA325420D91000A381D /* BaseViewController.swift in Sources */,
				345CB42525AB6382001FC9F5 /* OrdersRouter.swift in Sources */,
				344EC535257ED0A2001AADF6 /* BasketViewController.swift in Sources */,
				345CB41F25AB636F001FC9F5 /* OrdersInteractor.swift in Sources */,
				344EC55E257EE4BD001AADF6 /* OrderRouter.swift in Sources */,
				344EC544257ED156001AADF6 /* UIView+addShadow.swift in Sources */,
				341184F4254385C0006D1361 /* Brandbook.swift in Sources */,
				B7DBEB4425A5221600D724C7 /* SearchCell.swift in Sources */,
				344EC538257ED0A2001AADF6 /* BasketRouter.swift in Sources */,
				3451926325A2874800B075F2 /* BaseTableViewController.swift in Sources */,
				34585927256F0B9E00E47E7E /* BaseMapView.swift in Sources */,
				345CB41625AB3EC2001FC9F5 /* OrderIsProcessedViewController.swift in Sources */,
				3442CA14254398DB0079B5AB /* BaseButton.swift in Sources */,
				3438507B2544C1DA0048B43B /* AuthError.swift in Sources */,
				344EC552257EE467001AADF6 /* OrderInteractor.swift in Sources */,
				B738CB762586DA3200B81422 /* TabBarModuleBuilder.swift in Sources */,
				342896ED26407C3D008330EB /* Strings.swift in Sources */,
				B738CB792586DAE900B81422 /* TabBarPresenter.swift in Sources */,
				3451925825A271B400B075F2 /* Reachability.swift in Sources */,
				B738CB08257E717F00D8D2E7 /* Coordinator.swift in Sources */,
				B78228FB2548EAD10052A546 /* RestaurantRouter.swift in Sources */,
				B770B972258BF210005DAED2 /* InfoLabel.swift in Sources */,
				B78228EA2548EAC10052A546 /* ProfilePresenter.swift in Sources */,
				CE6227792559835000DC01AB /* EmailConfirmationPresenter.swift in Sources */,
				341184F82543891C006D1361 /* UIColor+hex.swift in Sources */,
				34668E8025AB65E600D3627A /* OrderTableViewCell.swift in Sources */,
				344B8E7625447F4600B1A671 /* RegistrationInteractor.swift in Sources */,
				B71E8C6D258E5CF0007C881D /* CachedImageView.swift in Sources */,
				344EC53A257ED0A2001AADF6 /* BasketPresenter.swift in Sources */,
				340F1A7A25420773000A381D /* AppDelegate.swift in Sources */,
				344EC548257ED86B001AADF6 /* OrderStatus.swift in Sources */,
				B78228F82548EAD10052A546 /* RestaurantPresenter.swift in Sources */,
				3451925E25A27FAD00B075F2 /* NetworkingError.swift in Sources */,
				340F1A7C25420773000A381D /* SceneDelegate.swift in Sources */,
				B708655A255AE6CB00665E2C /* ProductModel.swift in Sources */,
				CE6227762559769200DC01AB /* EmailConfirmationViewController.swift in Sources */,
				341A00A625448418006F0523 /* AuthValidator.swift in Sources */,
				344EC53D257ED0AC001AADF6 /* OrderStateCell.swift in Sources */,
				345CB42825AB6393001FC9F5 /* OrdersModuleBuilder.swift in Sources */,
				B738CB732586DA0300B81422 /* TabBarInteractor.swift in Sources */,
				B78228F72548EAD10052A546 /* RestaurantInteractor.swift in Sources */,
				34668E8525AB69B300D3627A /* OrderInfo.swift in Sources */,
				CE62277C25598E3B00DC01AB /* EmailConfirmationModuleBuilder.swift in Sources */,
				344EC536257ED0A2001AADF6 /* BasketModuleBuilder.swift in Sources */,
			);
			runOnlyForDeploymentPostprocessing = 0;
		};
		346F7E2F2649667000AC9A30 /* Sources */ = {
			isa = PBXSourcesBuildPhase;
			buildActionMask = 2147483647;
			files = (
				346F7EB826497B2100AC9A30 /* RestaurantCell.swift in Sources */,
				346F7EB52649755B00AC9A30 /* Reachability.swift in Sources */,
				346F7E4F264966EC00AC9A30 /* Brandbook.swift in Sources */,
				346F7EBE26497B5200AC9A30 /* UIView+addShadow.swift in Sources */,
				346F7E9A26496F4600AC9A30 /* RestaurantsListViewController.swift in Sources */,
				346F7EA3264971C500AC9A30 /* RestaurantModel.swift in Sources */,
				346F7E552649676200AC9A30 /* UIColor+hex.swift in Sources */,
				346F7EC9264983F300AC9A30 /* SplitModuleBuilder.swift in Sources */,
				346F7F062649C74800AC9A30 /* SplitViewUpdater.swift in Sources */,
				346F7EBB26497B4700AC9A30 /* CachedImageView.swift in Sources */,
				346F7EE5264988D500AC9A30 /* OrderModuleBuilder.swift in Sources */,
				346F7ED62649886400AC9A30 /* OrdersViewController.swift in Sources */,
				346F7E362649667000AC9A30 /* AppDelegate.swift in Sources */,
				346F7EAC2649753800AC9A30 /* OrderInfo.swift in Sources */,
				346F7EDA2649887E00AC9A30 /* OrdersPresenter.swift in Sources */,
				346F7ED02649882900AC9A30 /* OrdersModuleBuilder.swift in Sources */,
				346F7E9E26496F5700AC9A30 /* RestaurantsListPresenter.swift in Sources */,
				346F7E9326496EDB00AC9A30 /* RestaurantsListModuleBuilder.swift in Sources */,
				347D6F2C2669AD820032AB4F /* BaseButton.swift in Sources */,
				346F7EFF2649BA6000AC9A30 /* OrderPreviewCell.swift in Sources */,
				346F7EA6264971CE00AC9A30 /* FirebaseHandler.swift in Sources */,
				347D6F222669A8AB0032AB4F /* ProductTableViewCell.swift in Sources */,
				346F7EEF26498A9000AC9A30 /* OrderPresenter.swift in Sources */,
				346F7EB22649754600AC9A30 /* ProductModel.swift in Sources */,
				346F7EA92649753300AC9A30 /* OrderStatus.swift in Sources */,
				346F7EAF2649753E00AC9A30 /* NetworkingError.swift in Sources */,
				346F7E382649667000AC9A30 /* SceneDelegate.swift in Sources */,
				346F7EEB26498A7B00AC9A30 /* OrderViewController.swift in Sources */,
				347D6F422669B2D60032AB4F /* OrderInfoBottomPanel.swift in Sources */,
			);
			runOnlyForDeploymentPostprocessing = 0;
		};
/* End PBXSourcesBuildPhase section */

/* Begin PBXVariantGroup section */
		340F1A8425420775000A381D /* LaunchScreen.storyboard */ = {
			isa = PBXVariantGroup;
			children = (
				340F1A8525420775000A381D /* Base */,
			);
			name = LaunchScreen.storyboard;
			sourceTree = "<group>";
		};
		346F7E402649667200AC9A30 /* LaunchScreen.storyboard */ = {
			isa = PBXVariantGroup;
			children = (
				346F7E412649667200AC9A30 /* Base */,
			);
			name = LaunchScreen.storyboard;
			sourceTree = "<group>";
		};
/* End PBXVariantGroup section */

/* Begin XCBuildConfiguration section */
		340F1A8825420775000A381D /* Debug */ = {
			isa = XCBuildConfiguration;
			buildSettings = {
				ALWAYS_SEARCH_USER_PATHS = NO;
				CLANG_ANALYZER_NONNULL = YES;
				CLANG_ANALYZER_NUMBER_OBJECT_CONVERSION = YES_AGGRESSIVE;
				CLANG_CXX_LANGUAGE_STANDARD = "gnu++14";
				CLANG_CXX_LIBRARY = "libc++";
				CLANG_ENABLE_MODULES = YES;
				CLANG_ENABLE_OBJC_ARC = YES;
				CLANG_ENABLE_OBJC_WEAK = YES;
				CLANG_WARN_BLOCK_CAPTURE_AUTORELEASING = YES;
				CLANG_WARN_BOOL_CONVERSION = YES;
				CLANG_WARN_COMMA = YES;
				CLANG_WARN_CONSTANT_CONVERSION = YES;
				CLANG_WARN_DEPRECATED_OBJC_IMPLEMENTATIONS = YES;
				CLANG_WARN_DIRECT_OBJC_ISA_USAGE = YES_ERROR;
				CLANG_WARN_DOCUMENTATION_COMMENTS = YES;
				CLANG_WARN_EMPTY_BODY = YES;
				CLANG_WARN_ENUM_CONVERSION = YES;
				CLANG_WARN_INFINITE_RECURSION = YES;
				CLANG_WARN_INT_CONVERSION = YES;
				CLANG_WARN_NON_LITERAL_NULL_CONVERSION = YES;
				CLANG_WARN_OBJC_IMPLICIT_RETAIN_SELF = YES;
				CLANG_WARN_OBJC_LITERAL_CONVERSION = YES;
				CLANG_WARN_OBJC_ROOT_CLASS = YES_ERROR;
				CLANG_WARN_QUOTED_INCLUDE_IN_FRAMEWORK_HEADER = YES;
				CLANG_WARN_RANGE_LOOP_ANALYSIS = YES;
				CLANG_WARN_STRICT_PROTOTYPES = YES;
				CLANG_WARN_SUSPICIOUS_MOVE = YES;
				CLANG_WARN_UNGUARDED_AVAILABILITY = YES_AGGRESSIVE;
				CLANG_WARN_UNREACHABLE_CODE = YES;
				CLANG_WARN__DUPLICATE_METHOD_MATCH = YES;
				COPY_PHASE_STRIP = NO;
				DEBUG_INFORMATION_FORMAT = dwarf;
				ENABLE_STRICT_OBJC_MSGSEND = YES;
				ENABLE_TESTABILITY = YES;
				GCC_C_LANGUAGE_STANDARD = gnu11;
				GCC_DYNAMIC_NO_PIC = NO;
				GCC_NO_COMMON_BLOCKS = YES;
				GCC_OPTIMIZATION_LEVEL = 0;
				GCC_PREPROCESSOR_DEFINITIONS = (
					"DEBUG=1",
					"$(inherited)",
				);
				GCC_WARN_64_TO_32_BIT_CONVERSION = YES;
				GCC_WARN_ABOUT_RETURN_TYPE = YES_ERROR;
				GCC_WARN_UNDECLARED_SELECTOR = YES;
				GCC_WARN_UNINITIALIZED_AUTOS = YES_AGGRESSIVE;
				GCC_WARN_UNUSED_FUNCTION = YES;
				GCC_WARN_UNUSED_VARIABLE = YES;
				IPHONEOS_DEPLOYMENT_TARGET = 14.0;
				MTL_ENABLE_DEBUG_INFO = INCLUDE_SOURCE;
				MTL_FAST_MATH = YES;
				ONLY_ACTIVE_ARCH = YES;
				SDKROOT = iphoneos;
				SWIFT_ACTIVE_COMPILATION_CONDITIONS = DEBUG;
				SWIFT_OPTIMIZATION_LEVEL = "-Onone";
			};
			name = Debug;
		};
		340F1A8925420775000A381D /* Release */ = {
			isa = XCBuildConfiguration;
			buildSettings = {
				ALWAYS_SEARCH_USER_PATHS = NO;
				CLANG_ANALYZER_NONNULL = YES;
				CLANG_ANALYZER_NUMBER_OBJECT_CONVERSION = YES_AGGRESSIVE;
				CLANG_CXX_LANGUAGE_STANDARD = "gnu++14";
				CLANG_CXX_LIBRARY = "libc++";
				CLANG_ENABLE_MODULES = YES;
				CLANG_ENABLE_OBJC_ARC = YES;
				CLANG_ENABLE_OBJC_WEAK = YES;
				CLANG_WARN_BLOCK_CAPTURE_AUTORELEASING = YES;
				CLANG_WARN_BOOL_CONVERSION = YES;
				CLANG_WARN_COMMA = YES;
				CLANG_WARN_CONSTANT_CONVERSION = YES;
				CLANG_WARN_DEPRECATED_OBJC_IMPLEMENTATIONS = YES;
				CLANG_WARN_DIRECT_OBJC_ISA_USAGE = YES_ERROR;
				CLANG_WARN_DOCUMENTATION_COMMENTS = YES;
				CLANG_WARN_EMPTY_BODY = YES;
				CLANG_WARN_ENUM_CONVERSION = YES;
				CLANG_WARN_INFINITE_RECURSION = YES;
				CLANG_WARN_INT_CONVERSION = YES;
				CLANG_WARN_NON_LITERAL_NULL_CONVERSION = YES;
				CLANG_WARN_OBJC_IMPLICIT_RETAIN_SELF = YES;
				CLANG_WARN_OBJC_LITERAL_CONVERSION = YES;
				CLANG_WARN_OBJC_ROOT_CLASS = YES_ERROR;
				CLANG_WARN_QUOTED_INCLUDE_IN_FRAMEWORK_HEADER = YES;
				CLANG_WARN_RANGE_LOOP_ANALYSIS = YES;
				CLANG_WARN_STRICT_PROTOTYPES = YES;
				CLANG_WARN_SUSPICIOUS_MOVE = YES;
				CLANG_WARN_UNGUARDED_AVAILABILITY = YES_AGGRESSIVE;
				CLANG_WARN_UNREACHABLE_CODE = YES;
				CLANG_WARN__DUPLICATE_METHOD_MATCH = YES;
				COPY_PHASE_STRIP = NO;
				DEBUG_INFORMATION_FORMAT = "dwarf-with-dsym";
				ENABLE_NS_ASSERTIONS = NO;
				ENABLE_STRICT_OBJC_MSGSEND = YES;
				GCC_C_LANGUAGE_STANDARD = gnu11;
				GCC_NO_COMMON_BLOCKS = YES;
				GCC_WARN_64_TO_32_BIT_CONVERSION = YES;
				GCC_WARN_ABOUT_RETURN_TYPE = YES_ERROR;
				GCC_WARN_UNDECLARED_SELECTOR = YES;
				GCC_WARN_UNINITIALIZED_AUTOS = YES_AGGRESSIVE;
				GCC_WARN_UNUSED_FUNCTION = YES;
				GCC_WARN_UNUSED_VARIABLE = YES;
				IPHONEOS_DEPLOYMENT_TARGET = 14.0;
				MTL_ENABLE_DEBUG_INFO = NO;
				MTL_FAST_MATH = YES;
				SDKROOT = iphoneos;
				SWIFT_COMPILATION_MODE = wholemodule;
				SWIFT_OPTIMIZATION_LEVEL = "-O";
				VALIDATE_PRODUCT = YES;
			};
			name = Release;
		};
		340F1A8B25420775000A381D /* Debug */ = {
			isa = XCBuildConfiguration;
			baseConfigurationReference = 17239FE9A9A689730F68C06F /* Pods-QFree.debug.xcconfig */;
			buildSettings = {
				ASSETCATALOG_COMPILER_APPICON_NAME = AppIcon;
				ASSETCATALOG_COMPILER_GLOBAL_ACCENT_COLOR_NAME = AccentColor;
				CODE_SIGN_IDENTITY = "Apple Development";
				CODE_SIGN_STYLE = Automatic;
				DEVELOPMENT_TEAM = 9ZB2A7WP7E;
				INFOPLIST_FILE = QFree/Info.plist;
				IPHONEOS_DEPLOYMENT_TARGET = 14.0;
				LD_RUNPATH_SEARCH_PATHS = (
					"$(inherited)",
					"@executable_path/Frameworks",
				);
				PRODUCT_BUNDLE_IDENTIFIER = com.MS.QFree;
				PRODUCT_NAME = "$(TARGET_NAME)";
				PROVISIONING_PROFILE_SPECIFIER = "";
				SWIFT_VERSION = 5.0;
				TARGETED_DEVICE_FAMILY = 1;
			};
			name = Debug;
		};
		340F1A8C25420775000A381D /* Release */ = {
			isa = XCBuildConfiguration;
			baseConfigurationReference = A5B42705DBC48C7900253926 /* Pods-QFree.release.xcconfig */;
			buildSettings = {
				ASSETCATALOG_COMPILER_APPICON_NAME = AppIcon;
				ASSETCATALOG_COMPILER_GLOBAL_ACCENT_COLOR_NAME = AccentColor;
				CODE_SIGN_STYLE = Automatic;
				DEVELOPMENT_TEAM = 9ZB2A7WP7E;
				INFOPLIST_FILE = QFree/Info.plist;
				IPHONEOS_DEPLOYMENT_TARGET = 14.0;
				LD_RUNPATH_SEARCH_PATHS = (
					"$(inherited)",
					"@executable_path/Frameworks",
				);
				PRODUCT_BUNDLE_IDENTIFIER = com.MS.QFree;
				PRODUCT_NAME = "$(TARGET_NAME)";
				SWIFT_VERSION = 5.0;
				TARGETED_DEVICE_FAMILY = 1;
			};
			name = Release;
		};
		346F7E442649667200AC9A30 /* Debug */ = {
			isa = XCBuildConfiguration;
			baseConfigurationReference = 0DFC77CD0AF3D6E958AEB73E /* Pods-QFreeStuff.debug.xcconfig */;
			buildSettings = {
				ASSETCATALOG_COMPILER_APPICON_NAME = AppIcon;
				ASSETCATALOG_COMPILER_GLOBAL_ACCENT_COLOR_NAME = AccentColor;
				CODE_SIGN_STYLE = Automatic;
				DEVELOPMENT_TEAM = 9ZB2A7WP7E;
				INFOPLIST_FILE = QFreeStuff/Info.plist;
				IPHONEOS_DEPLOYMENT_TARGET = 14.1;
				LD_RUNPATH_SEARCH_PATHS = (
					"$(inherited)",
					"@executable_path/Frameworks",
				);
				PRODUCT_BUNDLE_IDENTIFIER = com.MS.QFreeStuff;
				PRODUCT_NAME = "$(TARGET_NAME)";
				SWIFT_VERSION = 5.0;
				TARGETED_DEVICE_FAMILY = 2;
			};
			name = Debug;
		};
		346F7E452649667200AC9A30 /* Release */ = {
			isa = XCBuildConfiguration;
			baseConfigurationReference = 428DF78EB99EC92C9351C54B /* Pods-QFreeStuff.release.xcconfig */;
			buildSettings = {
				ASSETCATALOG_COMPILER_APPICON_NAME = AppIcon;
				ASSETCATALOG_COMPILER_GLOBAL_ACCENT_COLOR_NAME = AccentColor;
				CODE_SIGN_STYLE = Automatic;
				DEVELOPMENT_TEAM = 9ZB2A7WP7E;
				INFOPLIST_FILE = QFreeStuff/Info.plist;
				IPHONEOS_DEPLOYMENT_TARGET = 14.1;
				LD_RUNPATH_SEARCH_PATHS = (
					"$(inherited)",
					"@executable_path/Frameworks",
				);
				PRODUCT_BUNDLE_IDENTIFIER = com.MS.QFreeStuff;
				PRODUCT_NAME = "$(TARGET_NAME)";
				SWIFT_VERSION = 5.0;
				TARGETED_DEVICE_FAMILY = 2;
			};
			name = Release;
		};
/* End XCBuildConfiguration section */

/* Begin XCConfigurationList section */
		340F1A7125420772000A381D /* Build configuration list for PBXProject "QFree" */ = {
			isa = XCConfigurationList;
			buildConfigurations = (
				340F1A8825420775000A381D /* Debug */,
				340F1A8925420775000A381D /* Release */,
			);
			defaultConfigurationIsVisible = 0;
			defaultConfigurationName = Release;
		};
		340F1A8A25420775000A381D /* Build configuration list for PBXNativeTarget "QFree" */ = {
			isa = XCConfigurationList;
			buildConfigurations = (
				340F1A8B25420775000A381D /* Debug */,
				340F1A8C25420775000A381D /* Release */,
			);
			defaultConfigurationIsVisible = 0;
			defaultConfigurationName = Release;
		};
		346F7E462649667200AC9A30 /* Build configuration list for PBXNativeTarget "QFreeStuff" */ = {
			isa = XCConfigurationList;
			buildConfigurations = (
				346F7E442649667200AC9A30 /* Debug */,
				346F7E452649667200AC9A30 /* Release */,
			);
			defaultConfigurationIsVisible = 0;
			defaultConfigurationName = Release;
		};
/* End XCConfigurationList section */
	};
	rootObject = 340F1A6E25420772000A381D /* Project object */;
}
